// !$*UTF8*$!
{
	archiveVersion = 1;
	classes = {
	};
	objectVersion = 56;
	objects = {

/* Begin PBXBuildFile section */
		000000000000000000000020 /* UpperLimbPOCApp.swift in Sources */ = {isa = PBXBuildFile; fileRef = 000000000000000000000010 /* UpperLimbPOCApp.swift */; };
		000000000000000000000021 /* ContentView.swift in Sources */ = {isa = PBXBuildFile; fileRef = 000000000000000000000011 /* ContentView.swift */; };
		000000000000000000000022 /* ImmersiveView.swift in Sources */ = {isa = PBXBuildFile; fileRef = 000000000000000000000012 /* ImmersiveView.swift */; };
		000000000000000000000023 /* OverlayState.swift in Sources */ = {isa = PBXBuildFile; fileRef = 000000000000000000000013 /* OverlayState.swift */; };
		000000000000000000000024 /* hand-to-elbow-overlay.usdz in Resources */ = {isa = PBXBuildFile; fileRef = 000000000000000000000014 /* hand-to-elbow-overlay.usdz */; };
		000000000000000000000025 /* OverlaySnapshot.swift in Sources */ = {isa = PBXBuildFile; fileRef = 000000000000000000000015 /* OverlaySnapshot.swift */; };
		000000000000000000000026 /* PeerSession.swift in Sources */ = {isa = PBXBuildFile; fileRef = 000000000000000000000016 /* PeerSession.swift */; };
		000000000000000000000027 /* CompanionApp.swift in Sources */ = {isa = PBXBuildFile; fileRef = 000000000000000000000017 /* CompanionApp.swift */; };
		000000000000000000000028 /* CompanionContentView.swift in Sources */ = {isa = PBXBuildFile; fileRef = 000000000000000000000018 /* CompanionContentView.swift */; };
		000000000000000000000029 /* OverlayState.swift in Sources */ = {isa = PBXBuildFile; fileRef = 000000000000000000000013 /* OverlayState.swift */; };
		00000000000000000000002A /* OverlaySnapshot.swift in Sources */ = {isa = PBXBuildFile; fileRef = 000000000000000000000015 /* OverlaySnapshot.swift */; };
		00000000000000000000002B /* PeerSession.swift in Sources */ = {isa = PBXBuildFile; fileRef = 000000000000000000000016 /* PeerSession.swift */; };
		00000000000000000000002C /* hand-to-elbow-overlay.usdz in Resources */ = {isa = PBXBuildFile; fileRef = 000000000000000000000014 /* hand-to-elbow-overlay.usdz */; };
		00000000000000000000002D /* LandmarkTrackingService.swift in Sources */ = {isa = PBXBuildFile; fileRef = 000000000000000000000019 /* LandmarkTrackingService.swift */; };
		00000000000000000000002E /* elbow-marker.png in Resources */ = {isa = PBXBuildFile; fileRef = 00000000000000000000001A /* elbow-marker.png */; };
		00000000000000000000002F /* wrist-marker.png in Resources */ = {isa = PBXBuildFile; fileRef = 00000000000000000000001B /* wrist-marker.png */; };
		000000000000000000000060 /* reference-forearm-01.png in Resources */ = {isa = PBXBuildFile; fileRef = 000000000000000000000070 /* reference-forearm-01.png */; };
		000000000000000000000061 /* reference-forearm-02.png in Resources */ = {isa = PBXBuildFile; fileRef = 000000000000000000000071 /* reference-forearm-02.png */; };
		000000000000000000000062 /* reference-forearm-03.png in Resources */ = {isa = PBXBuildFile; fileRef = 000000000000000000000072 /* reference-forearm-03.png */; };
		000000000000000000000063 /* reference-forearm-04.png in Resources */ = {isa = PBXBuildFile; fileRef = 000000000000000000000073 /* reference-forearm-04.png */; };
		000000000000000000000064 /* reference-forearm-05.png in Resources */ = {isa = PBXBuildFile; fileRef = 000000000000000000000074 /* reference-forearm-05.png */; };
		000000000000000000000065 /* ReferenceSlices README.md in Resources */ = {isa = PBXBuildFile; fileRef = 000000000000000000000075 /* README.md */; };
/* End PBXBuildFile section */

/* Begin PBXFileReference section */
		000000000000000000000005 /* UpperLimbPOC.app */ = {isa = PBXFileReference; explicitFileType = wrapper.application; includeInIndex = 0; path = UpperLimbPOC.app; sourceTree = BUILT_PRODUCTS_DIR; };
		00000000000000000000000A /* UpperLimbCompanion.app */ = {isa = PBXFileReference; explicitFileType = wrapper.application; includeInIndex = 0; path = UpperLimbCompanion.app; sourceTree = BUILT_PRODUCTS_DIR; };
		000000000000000000000010 /* UpperLimbPOCApp.swift */ = {isa = PBXFileReference; lastKnownFileType = sourcecode.swift; path = UpperLimbPOCApp.swift; sourceTree = "<group>"; };
		000000000000000000000011 /* ContentView.swift */ = {isa = PBXFileReference; lastKnownFileType = sourcecode.swift; path = ContentView.swift; sourceTree = "<group>"; };
		000000000000000000000012 /* ImmersiveView.swift */ = {isa = PBXFileReference; lastKnownFileType = sourcecode.swift; path = ImmersiveView.swift; sourceTree = "<group>"; };
		000000000000000000000013 /* OverlayState.swift */ = {isa = PBXFileReference; lastKnownFileType = sourcecode.swift; path = OverlayState.swift; sourceTree = "<group>"; };
		000000000000000000000014 /* hand-to-elbow-overlay.usdz */ = {isa = PBXFileReference; lastKnownFileType = file.usdz; path = "hand-to-elbow-overlay.usdz"; sourceTree = "<group>"; };
		000000000000000000000015 /* OverlaySnapshot.swift */ = {isa = PBXFileReference; lastKnownFileType = sourcecode.swift; path = OverlaySnapshot.swift; sourceTree = "<group>"; };
		000000000000000000000016 /* PeerSession.swift */ = {isa = PBXFileReference; lastKnownFileType = sourcecode.swift; path = PeerSession.swift; sourceTree = "<group>"; };
		000000000000000000000017 /* CompanionApp.swift */ = {isa = PBXFileReference; lastKnownFileType = sourcecode.swift; path = CompanionApp.swift; sourceTree = "<group>"; };
		000000000000000000000018 /* CompanionContentView.swift */ = {isa = PBXFileReference; lastKnownFileType = sourcecode.swift; path = CompanionContentView.swift; sourceTree = "<group>"; };
		000000000000000000000019 /* LandmarkTrackingService.swift */ = {isa = PBXFileReference; lastKnownFileType = sourcecode.swift; path = LandmarkTrackingService.swift; sourceTree = "<group>"; };
		00000000000000000000001A /* elbow-marker.png */ = {isa = PBXFileReference; lastKnownFileType = image.png; path = "Markers/elbow-marker.png"; sourceTree = "<group>"; };
		00000000000000000000001B /* wrist-marker.png */ = {isa = PBXFileReference; lastKnownFileType = image.png; path = "Markers/wrist-marker.png"; sourceTree = "<group>"; };
		000000000000000000000070 /* reference-forearm-01.png */ = {isa = PBXFileReference; lastKnownFileType = image.png; path = "reference-forearm-01.png"; sourceTree = "<group>"; };
		000000000000000000000071 /* reference-forearm-02.png */ = {isa = PBXFileReference; lastKnownFileType = image.png; path = "reference-forearm-02.png"; sourceTree = "<group>"; };
		000000000000000000000072 /* reference-forearm-03.png */ = {isa = PBXFileReference; lastKnownFileType = image.png; path = "reference-forearm-03.png"; sourceTree = "<group>"; };
		000000000000000000000073 /* reference-forearm-04.png */ = {isa = PBXFileReference; lastKnownFileType = image.png; path = "reference-forearm-04.png"; sourceTree = "<group>"; };
		000000000000000000000074 /* reference-forearm-05.png */ = {isa = PBXFileReference; lastKnownFileType = image.png; path = "reference-forearm-05.png"; sourceTree = "<group>"; };
		000000000000000000000075 /* README.md */ = {isa = PBXFileReference; lastKnownFileType = net.daringfireball.markdown; path = README.md; sourceTree = "<group>"; };
/* End PBXFileReference section */

/* Begin PBXFrameworksBuildPhase section */
		000000000000000000000008 /* Frameworks */ = {
			isa = PBXFrameworksBuildPhase;
			buildActionMask = 2147483647;
			files = (
			);
			runOnlyForDeploymentPostprocessing = 0;
		};
		00000000000000000000000E /* Frameworks */ = {
			isa = PBXFrameworksBuildPhase;
			buildActionMask = 2147483647;
			files = (
			);
			runOnlyForDeploymentPostprocessing = 0;
		};
/* End PBXFrameworksBuildPhase section */

/* Begin PBXGroup section */
		000000000000000000000002 = {
			isa = PBXGroup;
			children = (
				000000000000000000000009 /* UpperLimbPOC */,
				000000000000000000000003 /* Products */,
			);
			sourceTree = "<group>";
		};
		000000000000000000000003 /* Products */ = {
			isa = PBXGroup;
			children = (
				000000000000000000000005 /* UpperLimbPOC.app */,
				00000000000000000000000A /* UpperLimbCompanion.app */,
			);
			name = Products;
			sourceTree = "<group>";
		};
		000000000000000000000009 /* UpperLimbPOC */ = {
			isa = PBXGroup;
			children = (
				000000000000000000000010 /* UpperLimbPOCApp.swift */,
				000000000000000000000011 /* ContentView.swift */,
				000000000000000000000012 /* ImmersiveView.swift */,
				000000000000000000000013 /* OverlayState.swift */,
				000000000000000000000014 /* hand-to-elbow-overlay.usdz */,
				000000000000000000000015 /* OverlaySnapshot.swift */,
				000000000000000000000016 /* PeerSession.swift */,
				000000000000000000000017 /* CompanionApp.swift */,
				000000000000000000000018 /* CompanionContentView.swift */,
				000000000000000000000019 /* LandmarkTrackingService.swift */,
				00000000000000000000001A /* elbow-marker.png */,
				00000000000000000000001B /* wrist-marker.png */,
				000000000000000000000076 /* ReferenceSlices */,
			);
			path = UpperLimbPOC;
			sourceTree = "<group>";
		};
		000000000000000000000076 /* ReferenceSlices */ = {
			isa = PBXGroup;
			children = (
				000000000000000000000070 /* reference-forearm-01.png */,
				000000000000000000000071 /* reference-forearm-02.png */,
				000000000000000000000072 /* reference-forearm-03.png */,
				000000000000000000000073 /* reference-forearm-04.png */,
				000000000000000000000074 /* reference-forearm-05.png */,
				000000000000000000000075 /* README.md */,
			);
			path = ReferenceSlices;
			sourceTree = "<group>";
		};
/* End PBXGroup section */

/* Begin PBXNativeTarget section */
		000000000000000000000004 /* UpperLimbPOC */ = {
			isa = PBXNativeTarget;
			buildConfigurationList = 000000000000000000000041 /* Build configuration list for PBXNativeTarget "UpperLimbPOC" */;
			buildPhases = (
				000000000000000000000006 /* Sources */,
				000000000000000000000008 /* Frameworks */,
				000000000000000000000007 /* Resources */,
			);
			buildRules = (
			);
			dependencies = (
			);
			name = UpperLimbPOC;
			productName = UpperLimbPOC;
			productReference = 000000000000000000000005 /* UpperLimbPOC.app */;
			productType = "com.apple.product-type.application";
		};
		00000000000000000000000B /* UpperLimbCompanion */ = {
			isa = PBXNativeTarget;
			buildConfigurationList = 000000000000000000000042 /* Build configuration list for PBXNativeTarget "UpperLimbCompanion" */;
			buildPhases = (
				00000000000000000000000C /* Sources */,
				00000000000000000000000E /* Frameworks */,
				00000000000000000000000D /* Resources */,
			);
			buildRules = (
			);
			dependencies = (
			);
			name = UpperLimbCompanion;
			productName = UpperLimbCompanion;
			productReference = 00000000000000000000000A /* UpperLimbCompanion.app */;
			productType = "com.apple.product-type.application";
		};
/* End PBXNativeTarget section */

/* Begin PBXProject section */
		000000000000000000000001 /* Project object */ = {
			isa = PBXProject;
			attributes = {
				BuildIndependentTargetsInParallel = 1;
				LastSwiftUpdateCheck = 2660;
				LastUpgradeCheck = 2660;
				TargetAttributes = {
					000000000000000000000004 = {
						CreatedOnToolsVersion = 26.6;
					};
					00000000000000000000000B = {
						CreatedOnToolsVersion = 26.6;
					};
				};
			};
			buildConfigurationList = 000000000000000000000040 /* Build configuration list for PBXProject "UpperLimbPOC" */;
			compatibilityVersion = "Xcode 14.0";
			developmentRegion = en;
			hasScannedForEncodings = 0;
			knownRegions = (
				en,
				Base,
			);
			mainGroup = 000000000000000000000002;
			productRefGroup = 000000000000000000000003 /* Products */;
			projectDirPath = "";
			projectRoot = "";
			targets = (
				000000000000000000000004 /* UpperLimbPOC */,
				00000000000000000000000B /* UpperLimbCompanion */,
			);
		};
/* End PBXProject section */

/* Begin PBXResourcesBuildPhase section */
		000000000000000000000007 /* Resources */ = {
			isa = PBXResourcesBuildPhase;
			buildActionMask = 2147483647;
			files = (
				000000000000000000000024 /* hand-to-elbow-overlay.usdz in Resources */,
				00000000000000000000002E /* elbow-marker.png in Resources */,
				00000000000000000000002F /* wrist-marker.png in Resources */,
				000000000000000000000060 /* reference-forearm-01.png in Resources */,
				000000000000000000000061 /* reference-forearm-02.png in Resources */,
				000000000000000000000062 /* reference-forearm-03.png in Resources */,
				000000000000000000000063 /* reference-forearm-04.png in Resources */,
				000000000000000000000064 /* reference-forearm-05.png in Resources */,
				000000000000000000000065 /* ReferenceSlices README.md in Resources */,
			);
			runOnlyForDeploymentPostprocessing = 0;
		};
		00000000000000000000000D /* Resources */ = {
			isa = PBXResourcesBuildPhase;
			buildActionMask = 2147483647;
			files = (
				00000000000000000000002C /* hand-to-elbow-overlay.usdz in Resources */,
			);
			runOnlyForDeploymentPostprocessing = 0;
		};
/* End PBXResourcesBuildPhase section */

/* Begin PBXSourcesBuildPhase section */
		000000000000000000000006 /* Sources */ = {
			isa = PBXSourcesBuildPhase;
			buildActionMask = 2147483647;
			files = (
				000000000000000000000020 /* UpperLimbPOCApp.swift in Sources */,
				000000000000000000000021 /* ContentView.swift in Sources */,
				000000000000000000000022 /* ImmersiveView.swift in Sources */,
				000000000000000000000023 /* OverlayState.swift in Sources */,
				000000000000000000000025 /* OverlaySnapshot.swift in Sources */,
				000000000000000000000026 /* PeerSession.swift in Sources */,
				00000000000000000000002D /* LandmarkTrackingService.swift in Sources */,
			);
			runOnlyForDeploymentPostprocessing = 0;
		};
		00000000000000000000000C /* Sources */ = {
			isa = PBXSourcesBuildPhase;
			buildActionMask = 2147483647;
			files = (
				000000000000000000000027 /* CompanionApp.swift in Sources */,
				000000000000000000000028 /* CompanionContentView.swift in Sources */,
				000000000000000000000029 /* OverlayState.swift in Sources */,
				00000000000000000000002A /* OverlaySnapshot.swift in Sources */,
				00000000000000000000002B /* PeerSession.swift in Sources */,
			);
			runOnlyForDeploymentPostprocessing = 0;
		};
/* End PBXSourcesBuildPhase section */

/* Begin XCBuildConfiguration section */
		000000000000000000000030 /* Debug */ = {
			isa = XCBuildConfiguration;
			buildSettings = {
				ALWAYS_SEARCH_USER_PATHS = NO;
				CLANG_ENABLE_MODULES = YES;
				CLANG_ENABLE_OBJC_ARC = YES;
				COPY_PHASE_STRIP = NO;
				DEBUG_INFORMATION_FORMAT = dwarf;
				ENABLE_TESTABILITY = YES;
				GCC_C_LANGUAGE_STANDARD = gnu17;
				GCC_NO_COMMON_BLOCKS = YES;
				GCC_OPTIMIZATION_LEVEL = 0;
				ONLY_ACTIVE_ARCH = YES;
				SWIFT_ACTIVE_COMPILATION_CONDITIONS = "DEBUG $(inherited)";
				SWIFT_OPTIMIZATION_LEVEL = "-Onone";
			};
			name = Debug;
		};
		000000000000000000000031 /* Release */ = {
			isa = XCBuildConfiguration;
			buildSettings = {
				ALWAYS_SEARCH_USER_PATHS = NO;
				CLANG_ENABLE_MODULES = YES;
				CLANG_ENABLE_OBJC_ARC = YES;
				COPY_PHASE_STRIP = YES;
				DEBUG_INFORMATION_FORMAT = "dwarf-with-dsym";
				GCC_C_LANGUAGE_STANDARD = gnu17;
				GCC_NO_COMMON_BLOCKS = YES;
				SWIFT_COMPILATION_MODE = wholemodule;
			};
			name = Release;
		};
		000000000000000000000032 /* Debug */ = {
			isa = XCBuildConfiguration;
			buildSettings = {
				CODE_SIGN_STYLE = Automatic;
				CURRENT_PROJECT_VERSION = 3;
				DEAD_CODE_STRIPPING = YES;
				ENABLE_PREVIEWS = YES;
				GENERATE_INFOPLIST_FILE = NO;
				INFOPLIST_FILE = UpperLimbPOC/InfoVision.plist;
				INFOPLIST_KEY_CFBundleDisplayName = "Radiographic Anatomy POC";
				INFOPLIST_KEY_NSBonjourServices = (
					"_upperlimb-poc._tcp",
				);
				INFOPLIST_KEY_NSLocalNetworkUsageDescription = "Connect to the Upper-Limb Companion on the local network to synchronize non-identifying overlay controls.";
				INFOPLIST_KEY_UIApplicationSceneManifest_Generation = YES;
				INFOPLIST_KEY_UIApplicationSupportsIndirectInputEvents = YES;
				LD_RUNPATH_SEARCH_PATHS = (
					"$(inherited)",
					"@executable_path/Frameworks",
				);
				MARKETING_VERSION = 3.0;
				PRODUCT_BUNDLE_IDENTIFIER = com.marcel.UpperLimbPOC;
				PRODUCT_NAME = "$(TARGET_NAME)";
				SDKROOT = xros;
				SUPPORTED_PLATFORMS = "xros xrsimulator";
				SWIFT_EMIT_LOC_STRINGS = YES;
				SWIFT_VERSION = 5.0;
				TARGETED_DEVICE_FAMILY = 7;
				XROS_DEPLOYMENT_TARGET = 2.0;
			};
			name = Debug;
		};
		000000000000000000000033 /* Release */ = {
			isa = XCBuildConfiguration;
			buildSettings = {
				CODE_SIGN_STYLE = Automatic;
				CURRENT_PROJECT_VERSION = 3;
				DEAD_CODE_STRIPPING = YES;
				ENABLE_PREVIEWS = YES;
				GENERATE_INFOPLIST_FILE = NO;
				INFOPLIST_FILE = UpperLimbPOC/InfoVision.plist;
				INFOPLIST_KEY_CFBundleDisplayName = "Radiographic Anatomy POC";
				INFOPLIST_KEY_NSBonjourServices = (
					"_upperlimb-poc._tcp",
				);
				INFOPLIST_KEY_NSLocalNetworkUsageDescription = "Connect to the Upper-Limb Companion on the local network to synchronize non-identifying overlay controls.";
				INFOPLIST_KEY_UIApplicationSceneManifest_Generation = YES;
				INFOPLIST_KEY_UIApplicationSupportsIndirectInputEvents = YES;
				LD_RUNPATH_SEARCH_PATHS = (
					"$(inherited)",
					"@executable_path/Frameworks",
				);
				MARKETING_VERSION = 3.0;
				PRODUCT_BUNDLE_IDENTIFIER = com.marcel.UpperLimbPOC;
				PRODUCT_NAME = "$(TARGET_NAME)";
				SDKROOT = xros;
				SUPPORTED_PLATFORMS = "xros xrsimulator";
				SWIFT_EMIT_LOC_STRINGS = YES;
				SWIFT_VERSION = 5.0;
				TARGETED_DEVICE_FAMILY = 7;
				XROS_DEPLOYMENT_TARGET = 2.0;
			};
			name = Release;
		};
		000000000000000000000034 /* Debug */ = {
			isa = XCBuildConfiguration;
			buildSettings = {
				CODE_SIGN_STYLE = Automatic;
				CURRENT_PROJECT_VERSION = 3;
				DEAD_CODE_STRIPPING = YES;
				ENABLE_PREVIEWS = YES;
				GENERATE_INFOPLIST_FILE = NO;
				INFOPLIST_FILE = UpperLimbPOC/InfoCompanion.plist;
				INFOPLIST_KEY_CFBundleDisplayName = "Radiographic Companion";
				INFOPLIST_KEY_NSBonjourServices = (
					"_upperlimb-poc._tcp",
				);
				INFOPLIST_KEY_NSLocalNetworkUsageDescription = "Connect to Apple Vision Pro on the local network to synchronize non-identifying overlay controls.";
				INFOPLIST_KEY_UIApplicationSceneManifest_Generation = YES;
				INFOPLIST_KEY_UIApplicationSupportsIndirectInputEvents = YES;
				IPHONEOS_DEPLOYMENT_TARGET = 18.0;
				LD_RUNPATH_SEARCH_PATHS = (
					"$(inherited)",
					"@executable_path/Frameworks",
				);
				MARKETING_VERSION = 3.0;
				PRODUCT_BUNDLE_IDENTIFIER = com.marcel.UpperLimbPOC.Companion;
				PRODUCT_NAME = "$(TARGET_NAME)";
				SDKROOT = iphoneos;
				SUPPORTED_PLATFORMS = "iphoneos iphonesimulator";
				SWIFT_EMIT_LOC_STRINGS = YES;
				SWIFT_VERSION = 5.0;
				TARGETED_DEVICE_FAMILY = "1,2";
			};
			name = Debug;
		};
		000000000000000000000035 /* Release */ = {
			isa = XCBuildConfiguration;
			buildSettings = {
				CODE_SIGN_STYLE = Automatic;
				CURRENT_PROJECT_VERSION = 3;
				DEAD_CODE_STRIPPING = YES;
				ENABLE_PREVIEWS = YES;
				GENERATE_INFOPLIST_FILE = NO;
				INFOPLIST_FILE = UpperLimbPOC/InfoCompanion.plist;
				INFOPLIST_KEY_CFBundleDisplayName = "Radiographic Companion";
				INFOPLIST_KEY_NSBonjourServices = (
					"_upperlimb-poc._tcp",
				);
				INFOPLIST_KEY_NSLocalNetworkUsageDescription = "Connect to Apple Vision Pro on the local network to synchronize non-identifying overlay controls.";
				INFOPLIST_KEY_UIApplicationSceneManifest_Generation = YES;
				INFOPLIST_KEY_UIApplicationSupportsIndirectInputEvents = YES;
				IPHONEOS_DEPLOYMENT_TARGET = 18.0;
				LD_RUNPATH_SEARCH_PATHS = (
					"$(inherited)",
					"@executable_path/Frameworks",
				);
				MARKETING_VERSION = 3.0;
				PRODUCT_BUNDLE_IDENTIFIER = com.marcel.UpperLimbPOC.Companion;
				PRODUCT_NAME = "$(TARGET_NAME)";
				SDKROOT = iphoneos;
				SUPPORTED_PLATFORMS = "iphoneos iphonesimulator";
				SWIFT_EMIT_LOC_STRINGS = YES;
				SWIFT_VERSION = 5.0;
				TARGETED_DEVICE_FAMILY = "1,2";
			};
			name = Release;
		};
/* End XCBuildConfiguration section */

/* Begin XCConfigurationList section */
		000000000000000000000040 /* Build configuration list for PBXProject "UpperLimbPOC" */ = {
			isa = XCConfigurationList;
			buildConfigurations = (
				000000000000000000000030 /* Debug */,
				000000000000000000000031 /* Release */,
			);
			defaultConfigurationIsVisible = 0;
			defaultConfigurationName = Release;
		};
		000000000000000000000041 /* Build configuration list for PBXNativeTarget "UpperLimbPOC" */ = {
			isa = XCConfigurationList;
			buildConfigurations = (
				000000000000000000000032 /* Debug */,
				000000000000000000000033 /* Release */,
			);
			defaultConfigurationIsVisible = 0;
			defaultConfigurationName = Release;
		};
		000000000000000000000042 /* Build configuration list for PBXNativeTarget "UpperLimbCompanion" */ = {
			isa = XCConfigurationList;
			buildConfigurations = (
				000000000000000000000034 /* Debug */,
				000000000000000000000035 /* Release */,
			);
			defaultConfigurationIsVisible = 0;
			defaultConfigurationName = Release;
		};
/* End XCConfigurationList section */
	};
	rootObject = 000000000000000000000001 /* Project object */;
}
