// !$*UTF8*$!
{
	archiveVersion = 1;
	classes = {
	};
	objectVersion = 56;
	objects = {

/* Begin PBXBuildFile section */
		000000000000000000000020 /* UpperLimbPOCApp.swift in Sources */ = {isa = PBXBuildFile; fileRef = 000000000000000000000010 /* UpperLimbPOCApp.swift */; };
		000000000000000000000021 /* ContentView.swift in Sources */ = {isa = PBXBuildFile; fileRef = 000000000000000000000011 /* ContentView.swift */; };
		000000000000000000000022 /* ImmersiveView.swift in Sources */ = {isa = PBXBuildFile; fileRef = 000000000000000000000012 /* ImmersiveView.swift */; };
		000000000000000000000023 /* OverlayState.swift in Sources */ = {isa = PBXBuildFile; fileRef = 000000000000000000000013 /* OverlayState.swift */; };
		000000000000000000000024 /* hand-to-elbow-overlay.usdz in Resources */ = {isa = PBXBuildFile; fileRef = 000000000000000000000014 /* hand-to-elbow-overlay.usdz */; };
		000000000000000000000025 /* OverlaySnapshot.swift in Sources */ = {isa = PBXBuildFile; fileRef = 000000000000000000000015 /* OverlaySnapshot.swift */; };
		000000000000000000000026 /* PeerSession.swift in Sources */ = {isa = PBXBuildFile; fileRef = 000000000000000000000016 /* PeerSession.swift */; };
		000000000000000000000027 /* CompanionApp.swift in Sources */ = {isa = PBXBuildFile; fileRef = 000000000000000000000017 /* CompanionApp.swift */; };
		000000000000000000000028 /* CompanionContentView.swift in Sources */ = {isa = PBXBuildFile; fileRef = 000000000000000000000018 /* CompanionContentView.swift */; };
		000000000000000000000029 /* OverlayState.swift in Sources */ = {isa = PBXBuildFile; fileRef = 000000000000000000000013 /* OverlayState.swift */; };
		00000000000000000000002A /* OverlaySnapshot.swift in Sources */ = {isa = PBXBuildFile; fileRef = 000000000000000000000015 /* OverlaySnapshot.swift */; };
		00000000000000000000002B /* PeerSession.swift in Sources */ = {isa = PBXBuildFile; fileRef = 000000000000000000000016 /* PeerSession.swift */; };
		00000000000000000000002C /* hand-to-elbow-overlay.usdz in Resources */ = {isa = PBXBuildFile; fileRef = 000000000000000000000014 /* hand-to-elbow-overlay.usdz */; };
		00000000000000000000002D /* LandmarkTrackingService.swift in Sources */ = {isa = PBXBuildFile; fileRef = 000000000000000000000019 /* LandmarkTrackingService.swift */; };
		00000000000000000000002E /* Markers/elbow-marker.png in Resources */ = {isa = PBXBuildFile; fileRef = 00000000000000000000001A /* Markers/elbow-marker.png */; };
		00000000000000000000002F /* Markers/wrist-marker.png in Resources */ = {isa = PBXBuildFile; fileRef = 00000000000000000000001B /* Markers/wrist-marker.png */; };
		000000000000000000000060 /* reference-forearm-01.png in Resources */ = {isa = PBXBuildFile; fileRef = 000000000000000000000070 /* reference-forearm-01.png */; };
		000000000000000000000061 /* reference-forearm-02.png in Resources */ = {isa = PBXBuildFile; fileRef = 000000000000000000000071 /* reference-forearm-02.png */; };
		000000000000000000000062 /* reference-forearm-03.png in Resources */ = {isa = PBXBuildFile; fileRef = 000000000000000000000072 /* reference-forearm-03.png */; };
		000000000000000000000063 /* reference-forearm-04.png in Resources */ = {isa = PBXBuildFile; fileRef = 000000000000000000000073 /* reference-forearm-04.png */; };
		000000000000000000000064 /* reference-forearm-05.png in Resources */ = {isa = PBXBuildFile; fileRef = 000000000000000000000074 /* reference-forearm-05.png */; };
		000000000000000000000065 /* README.md in Resources */ = {isa = PBXBuildFile; fileRef = 000000000000000000000075 /* README.md */; };
		000000000000000000000066 /* IndexFingerKinematics.swift in Sources */ = {isa = PBXBuildFile; fileRef = 000000000000000000000077 /* IndexFingerKinematics.swift */; };
		000000000000000000000067 /* HybridLandmarkRegistration.swift in Sources */ = {isa = PBXBuildFile; fileRef = 000000000000000000000078 /* HybridLandmarkRegistration.swift */; };
		000000000000000000000068 /* HybridLandmarkRegistration.swift in Sources */ = {isa = PBXBuildFile; fileRef = 000000000000000000000078 /* HybridLandmarkRegistration.swift */; };
		000000000000000000000069 /* JointProbeMetrics.swift in Sources */ = {isa = PBXBuildFile; fileRef = 000000000000000000000079 /* JointProbeMetrics.swift */; };
		00000000000000000000006A /* JointProbeView.swift in Sources */ = {isa = PBXBuildFile; fileRef = 00000000000000000000007A /* JointProbeView.swift */; };
		00000000000000000000006B /* JointProbeImmersiveView.swift in Sources */ = {isa = PBXBuildFile; fileRef = 00000000000000000000007B /* JointProbeImmersiveView.swift */; };
		00000000000000000000006C /* JointProbeRoute.swift in Sources */ = {isa = PBXBuildFile; fileRef = 00000000000000000000007C /* JointProbeRoute.swift */; };
		000000000000000000000096 /* AVPForearmOverlayPose.swift in Sources */ = {isa = PBXBuildFile; fileRef = 0000000000000000000000B6 /* AVPForearmOverlayPose.swift */; };
		000000000000000000000080 /* UpperLimbJointFrame.swift in Sources */ = {isa = PBXBuildFile; fileRef = 0000000000000000000000A0 /* UpperLimbJointFrame.swift */; };
		000000000000000000000081 /* UpperLimbJointFrame.swift in Sources */ = {isa = PBXBuildFile; fileRef = 0000000000000000000000A0 /* UpperLimbJointFrame.swift */; };
		000000000000000000000082 /* UpperLimbPeerEnvelope.swift in Sources */ = {isa = PBXBuildFile; fileRef = 0000000000000000000000A1 /* UpperLimbPeerEnvelope.swift */; };
		000000000000000000000083 /* UpperLimbPeerEnvelope.swift in Sources */ = {isa = PBXBuildFile; fileRef = 0000000000000000000000A1 /* UpperLimbPeerEnvelope.swift */; };
		000000000000000000000084 /* UpperLimbPeerWireCodec.swift in Sources */ = {isa = PBXBuildFile; fileRef = 0000000000000000000000A2 /* UpperLimbPeerWireCodec.swift */; };
		000000000000000000000085 /* UpperLimbPeerWireCodec.swift in Sources */ = {isa = PBXBuildFile; fileRef = 0000000000000000000000A2 /* UpperLimbPeerWireCodec.swift */; };
		000000000000000000000086 /* SpatialJointBridge.swift in Sources */ = {isa = PBXBuildFile; fileRef = 0000000000000000000000A3 /* SpatialJointBridge.swift */; };
		000000000000000000000087 /* UpperLimbIntegrationState.swift in Sources */ = {isa = PBXBuildFile; fileRef = 0000000000000000000000A4 /* UpperLimbIntegrationState.swift */; };
		000000000000000000000088 /* BodyScannerModelManifest.swift in Sources */ = {isa = PBXBuildFile; fileRef = 0000000000000000000000A5 /* BodyScannerModelManifest.swift */; };
		000000000000000000000089 /* BodyScannerResourceInspector.swift in Sources */ = {isa = PBXBuildFile; fileRef = 0000000000000000000000A6 /* BodyScannerResourceInspector.swift */; };
		00000000000000000000008A /* BodyScannerUpperLimbPoseMapper.swift in Sources */ = {isa = PBXBuildFile; fileRef = 0000000000000000000000A7 /* BodyScannerUpperLimbPoseMapper.swift */; };
		00000000000000000000008B /* BodyScannerCameraModel.swift in Sources */ = {isa = PBXBuildFile; fileRef = 0000000000000000000000A8 /* BodyScannerCameraModel.swift */; };
		00000000000000000000008C /* BodyScannerPresentation.swift in Sources */ = {isa = PBXBuildFile; fileRef = 0000000000000000000000A9 /* BodyScannerPresentation.swift */; };
		00000000000000000000008D /* BodyScannerCameraPreview.swift in Sources */ = {isa = PBXBuildFile; fileRef = 0000000000000000000000AA /* BodyScannerCameraPreview.swift */; };
		00000000000000000000008E /* BodyScannerScreen.swift in Sources */ = {isa = PBXBuildFile; fileRef = 0000000000000000000000AB /* BodyScannerScreen.swift */; };
		00000000000000000000008F /* OpenCVBodyScanner.mm in Sources */ = {isa = PBXBuildFile; fileRef = 0000000000000000000000AF /* OpenCVBodyScanner.mm */; };
		000000000000000000000090 /* MPPersonPosePipeline.cpp in Sources */ = {isa = PBXBuildFile; fileRef = 0000000000000000000000AD /* MPPersonPosePipeline.cpp */; };
		000000000000000000000091 /* opencv2.xcframework in Frameworks */ = {isa = PBXBuildFile; fileRef = 0000000000000000000000B1 /* opencv2.xcframework */; };
		000000000000000000000092 /* person_detection_mediapipe_2023mar.onnx in Resources */ = {isa = PBXBuildFile; fileRef = 0000000000000000000000B2 /* person_detection_mediapipe_2023mar.onnx */; };
		000000000000000000000093 /* pose_estimation_mediapipe_2023mar.onnx in Resources */ = {isa = PBXBuildFile; fileRef = 0000000000000000000000B3 /* pose_estimation_mediapipe_2023mar.onnx */; };
		000000000000000000000094 /* palm_detection_mediapipe_2023feb.onnx in Resources */ = {isa = PBXBuildFile; fileRef = 0000000000000000000000B4 /* palm_detection_mediapipe_2023feb.onnx */; };
		000000000000000000000095 /* handpose_estimation_mediapipe_2023feb.onnx in Resources */ = {isa = PBXBuildFile; fileRef = 0000000000000000000000B5 /* handpose_estimation_mediapipe_2023feb.onnx */; };
		0000000000000000000000C0 /* MedicalAssistantModels.swift in Sources */ = {isa = PBXBuildFile; fileRef = 0000000000000000000000D0 /* MedicalAssistantModels.swift */; };
		0000000000000000000000C1 /* MedicalAssistantConfiguration.swift in Sources */ = {isa = PBXBuildFile; fileRef = 0000000000000000000000D1 /* MedicalAssistantConfiguration.swift */; };
		0000000000000000000000C2 /* OpenAICompatibleClient.swift in Sources */ = {isa = PBXBuildFile; fileRef = 0000000000000000000000D2 /* OpenAICompatibleClient.swift */; };
		0000000000000000000000C3 /* AssistantConversationRepository.swift in Sources */ = {isa = PBXBuildFile; fileRef = 0000000000000000000000D3 /* AssistantConversationRepository.swift */; };
		0000000000000000000000C4 /* MedicalKnowledgeRepository.swift in Sources */ = {isa = PBXBuildFile; fileRef = 0000000000000000000000D4 /* MedicalKnowledgeRepository.swift */; };
		0000000000000000000000C5 /* MedicalSafetyPolicy.swift in Sources */ = {isa = PBXBuildFile; fileRef = 0000000000000000000000D5 /* MedicalSafetyPolicy.swift */; };
		0000000000000000000000C6 /* MedicalAssistantStore.swift in Sources */ = {isa = PBXBuildFile; fileRef = 0000000000000000000000D6 /* MedicalAssistantStore.swift */; };
		0000000000000000000000C7 /* MedicalAssistantView.swift in Sources */ = {isa = PBXBuildFile; fileRef = 0000000000000000000000D7 /* MedicalAssistantView.swift */; };
		0000000000000000000000C8 /* MedicalAssistantKnowledge.json in Resources */ = {isa = PBXBuildFile; fileRef = 0000000000000000000000D8 /* MedicalAssistantKnowledge.json */; };
		0000000000000000000000C9 /* AppleFoundationModelClient.swift in Sources */ = {isa = PBXBuildFile; fileRef = 0000000000000000000000D9 /* AppleFoundationModelClient.swift */; };
		0000000000000000000000F6 /* ClinicianGuidanceContract.swift in Sources */ = {isa = PBXBuildFile; fileRef = 0000000000000000000000F0 /* ClinicianGuidanceContract.swift */; };
		0000000000000000000000F7 /* ClinicianGuidanceContract.swift in Sources */ = {isa = PBXBuildFile; fileRef = 0000000000000000000000F0 /* ClinicianGuidanceContract.swift */; };
		0000000000000000000000F8 /* ClinicianGuidanceWireCodec.swift in Sources */ = {isa = PBXBuildFile; fileRef = 0000000000000000000000F1 /* ClinicianGuidanceWireCodec.swift */; };
		0000000000000000000000F9 /* ClinicianGuidanceWireCodec.swift in Sources */ = {isa = PBXBuildFile; fileRef = 0000000000000000000000F1 /* ClinicianGuidanceWireCodec.swift */; };
		0000000000000000000000FA /* ClinicianConnectionStatusView.swift in Sources */ = {isa = PBXBuildFile; fileRef = 0000000000000000000000F2 /* ClinicianConnectionStatusView.swift */; };
		0000000000000000000000FB /* ClinicianForearmCanvas.swift in Sources */ = {isa = PBXBuildFile; fileRef = 0000000000000000000000F3 /* ClinicianForearmCanvas.swift */; };
		0000000000000000000000FC /* ClinicianControlPanel.swift in Sources */ = {isa = PBXBuildFile; fileRef = 0000000000000000000000F4 /* ClinicianControlPanel.swift */; };
		0000000000000000000000FD /* ClinicianGuidancePreviewSupport.swift in Sources */ = {isa = PBXBuildFile; fileRef = 0000000000000000000000F5 /* ClinicianGuidancePreviewSupport.swift */; };
		000000000000000000000101 /* ClinicianGuidanceSyncEngine.swift in Sources */ = {isa = PBXBuildFile; fileRef = 0000000000000000000000FE /* ClinicianGuidanceSyncEngine.swift */; };
		000000000000000000000102 /* ClinicianGuidanceSyncEngine.swift in Sources */ = {isa = PBXBuildFile; fileRef = 0000000000000000000000FE /* ClinicianGuidanceSyncEngine.swift */; };
		000000000000000000000103 /* ClinicianGuidanceSession.swift in Sources */ = {isa = PBXBuildFile; fileRef = 0000000000000000000000FF /* ClinicianGuidanceSession.swift */; };
		000000000000000000000104 /* ClinicianGuidanceSession.swift in Sources */ = {isa = PBXBuildFile; fileRef = 0000000000000000000000FF /* ClinicianGuidanceSession.swift */; };
		000000000000000000000105 /* AVPClinicianGuidanceSpatialMapper.swift in Sources */ = {isa = PBXBuildFile; fileRef = 000000000000000000000100 /* AVPClinicianGuidanceSpatialMapper.swift */; };
		00000000000000000000010A /* AnatomicalAnnotationContract.swift in Sources */ = {isa = PBXBuildFile; fileRef = 000000000000000000000106 /* AnatomicalAnnotationContract.swift */; };
		00000000000000000000010B /* AnatomicalAnnotationContract.swift in Sources */ = {isa = PBXBuildFile; fileRef = 000000000000000000000106 /* AnatomicalAnnotationContract.swift */; };
		00000000000000000000010C /* AnatomicalAnnotationWireCodec.swift in Sources */ = {isa = PBXBuildFile; fileRef = 000000000000000000000107 /* AnatomicalAnnotationWireCodec.swift */; };
		00000000000000000000010D /* AnatomicalAnnotationWireCodec.swift in Sources */ = {isa = PBXBuildFile; fileRef = 000000000000000000000107 /* AnatomicalAnnotationWireCodec.swift */; };
		00000000000000000000010E /* AnatomicalSurfaceProjection.swift in Sources */ = {isa = PBXBuildFile; fileRef = 000000000000000000000108 /* AnatomicalSurfaceProjection.swift */; };
		00000000000000000000010F /* AnatomicalSurfaceProjection.swift in Sources */ = {isa = PBXBuildFile; fileRef = 000000000000000000000108 /* AnatomicalSurfaceProjection.swift */; };
		000000000000000000000111 /* GenericAnatomicalForearmPreview.swift in Sources */ = {isa = PBXBuildFile; fileRef = 000000000000000000000109 /* GenericAnatomicalForearmPreview.swift */; };
		000000000000000000000113 /* AnatomicalLayerAnnotationScreen.swift in Sources */ = {isa = PBXBuildFile; fileRef = 000000000000000000000112 /* AnatomicalLayerAnnotationScreen.swift */; };
		000000000000000000000120 /* CTForearmVolume.swift in Sources */ = {isa = PBXBuildFile; fileRef = 000000000000000000000114 /* CTForearmVolume.swift */; };
		000000000000000000000121 /* CTForearmVolumeRenderer.swift in Sources */ = {isa = PBXBuildFile; fileRef = 000000000000000000000115 /* CTForearmVolumeRenderer.swift */; };
		000000000000000000000122 /* CTForearmVolumeShaders.metal in Sources */ = {isa = PBXBuildFile; fileRef = 000000000000000000000116 /* CTForearmVolumeShaders.metal */; };
		000000000000000000000123 /* CTForearmVRTPreview.swift in Sources */ = {isa = PBXBuildFile; fileRef = 000000000000000000000117 /* CTForearmVRTPreview.swift */; };
		000000000000000000000124 /* visible-human-male-forearm-1680-1740.r8 in Resources */ = {isa = PBXBuildFile; fileRef = 000000000000000000000118 /* visible-human-male-forearm-1680-1740.r8 */; };
		000000000000000000000125 /* visible-human-male-forearm-1680-1740.json in Resources */ = {isa = PBXBuildFile; fileRef = 000000000000000000000119 /* visible-human-male-forearm-1680-1740.json */; };
		000000000000000000000130 /* CTForearmVolume.swift in Sources */ = {isa = PBXBuildFile; fileRef = 000000000000000000000114 /* CTForearmVolume.swift */; };
		000000000000000000000131 /* ClinicalTwinPose.swift in Sources */ = {isa = PBXBuildFile; fileRef = 000000000000000000000140 /* ClinicalTwinPose.swift */; };
		000000000000000000000132 /* CTForearmTwinGeometry.swift in Sources */ = {isa = PBXBuildFile; fileRef = 000000000000000000000141 /* CTForearmTwinGeometry.swift */; };
		000000000000000000000133 /* ClinicalTwinLabState.swift in Sources */ = {isa = PBXBuildFile; fileRef = 000000000000000000000142 /* ClinicalTwinLabState.swift */; };
		000000000000000000000134 /* ClinicalTwinRealityKit.swift in Sources */ = {isa = PBXBuildFile; fileRef = 000000000000000000000143 /* ClinicalTwinRealityKit.swift */; };
		000000000000000000000135 /* ClinicalTwinImmersiveView.swift in Sources */ = {isa = PBXBuildFile; fileRef = 000000000000000000000144 /* ClinicalTwinImmersiveView.swift */; };
		000000000000000000000136 /* ClinicalTwinView.swift in Sources */ = {isa = PBXBuildFile; fileRef = 000000000000000000000145 /* ClinicalTwinView.swift */; };
		000000000000000000000137 /* visible-human-male-forearm-1680-1740.r8 in Resources */ = {isa = PBXBuildFile; fileRef = 000000000000000000000118 /* visible-human-male-forearm-1680-1740.r8 */; };
		000000000000000000000138 /* visible-human-male-forearm-1680-1740.json in Resources */ = {isa = PBXBuildFile; fileRef = 000000000000000000000119 /* visible-human-male-forearm-1680-1740.json */; };
		000000000000000000000150 /* OnArmAnatomyAssetContract.swift in Sources */ = {isa = PBXBuildFile; fileRef = 000000000000000000000160 /* OnArmAnatomyAssetContract.swift */; };
		000000000000000000000151 /* OnArmAnatomyPose.swift in Sources */ = {isa = PBXBuildFile; fileRef = 000000000000000000000161 /* OnArmAnatomyPose.swift */; };
		000000000000000000000152 /* OnArmAnatomyRealityKit.swift in Sources */ = {isa = PBXBuildFile; fileRef = 000000000000000000000162 /* OnArmAnatomyRealityKit.swift */; };
		000000000000000000000153 /* OnArmAnatomyLabState.swift in Sources */ = {isa = PBXBuildFile; fileRef = 000000000000000000000163 /* OnArmAnatomyLabState.swift */; };
		000000000000000000000154 /* OnArmAnatomyImmersiveView.swift in Sources */ = {isa = PBXBuildFile; fileRef = 000000000000000000000164 /* OnArmAnatomyImmersiveView.swift */; };
		000000000000000000000155 /* OnArmAnatomyView.swift in Sources */ = {isa = PBXBuildFile; fileRef = 000000000000000000000165 /* OnArmAnatomyView.swift */; };
		000000000000000000000320 /* OdysseyExperienceActions.swift in Sources */ = {isa = PBXBuildFile; fileRef = 000000000000000000000300 /* OdysseyExperienceActions.swift */; };
		000000000000000000000321 /* OdysseyExperienceViewState.swift in Sources */ = {isa = PBXBuildFile; fileRef = 000000000000000000000301 /* OdysseyExperienceViewState.swift */; };
		000000000000000000000322 /* OdysseySessionUIComponents.swift in Sources */ = {isa = PBXBuildFile; fileRef = 000000000000000000000302 /* OdysseySessionUIComponents.swift */; };
		000000000000000000000323 /* OdysseyAVPLandingScreen.swift in Sources */ = {isa = PBXBuildFile; fileRef = 000000000000000000000303 /* OdysseyAVPLandingScreen.swift */; };
		000000000000000000000324 /* OdysseyAVPSessionScreen.swift in Sources */ = {isa = PBXBuildFile; fileRef = 000000000000000000000304 /* OdysseyAVPSessionScreen.swift */; };
		000000000000000000000325 /* OdysseyClinicianLandingScreen.swift in Sources */ = {isa = PBXBuildFile; fileRef = 000000000000000000000305 /* OdysseyClinicianLandingScreen.swift */; };
		000000000000000000000326 /* OdysseyClinicianSessionScreen.swift in Sources */ = {isa = PBXBuildFile; fileRef = 000000000000000000000306 /* OdysseyClinicianSessionScreen.swift */; };
		000000000000000000000327 /* OdysseySessionPreviewSupport.swift in Sources */ = {isa = PBXBuildFile; fileRef = 000000000000000000000307 /* OdysseySessionPreviewSupport.swift */; };
		000000000000000000000328 /* OdysseyClinicalSessionContract.swift in Sources */ = {isa = PBXBuildFile; fileRef = 000000000000000000000308 /* OdysseyClinicalSessionContract.swift */; };
		000000000000000000000329 /* OdysseyClinicalSessionWireCodec.swift in Sources */ = {isa = PBXBuildFile; fileRef = 000000000000000000000309 /* OdysseyClinicalSessionWireCodec.swift */; };
		00000000000000000000032A /* OdysseyClinicalSessionAdapter.swift in Sources */ = {isa = PBXBuildFile; fileRef = 00000000000000000000030A /* OdysseyClinicalSessionAdapter.swift */; };
		00000000000000000000032B /* OdysseyClinicalSessionService.swift in Sources */ = {isa = PBXBuildFile; fileRef = 00000000000000000000030B /* OdysseyClinicalSessionService.swift */; };
		00000000000000000000032C /* OdysseyIntegratedDemo.swift in Sources */ = {isa = PBXBuildFile; fileRef = 00000000000000000000030C /* OdysseyIntegratedDemo.swift */; };
		00000000000000000000032D /* OdysseyIntegratedRoots.swift in Sources */ = {isa = PBXBuildFile; fileRef = 00000000000000000000030D /* OdysseyIntegratedRoots.swift */; };
		000000000000000000000340 /* OdysseyExperienceActions.swift in Sources */ = {isa = PBXBuildFile; fileRef = 000000000000000000000300 /* OdysseyExperienceActions.swift */; };
		000000000000000000000341 /* OdysseyExperienceViewState.swift in Sources */ = {isa = PBXBuildFile; fileRef = 000000000000000000000301 /* OdysseyExperienceViewState.swift */; };
		000000000000000000000342 /* OdysseySessionUIComponents.swift in Sources */ = {isa = PBXBuildFile; fileRef = 000000000000000000000302 /* OdysseySessionUIComponents.swift */; };
		000000000000000000000343 /* OdysseyAVPLandingScreen.swift in Sources */ = {isa = PBXBuildFile; fileRef = 000000000000000000000303 /* OdysseyAVPLandingScreen.swift */; };
		000000000000000000000344 /* OdysseyAVPSessionScreen.swift in Sources */ = {isa = PBXBuildFile; fileRef = 000000000000000000000304 /* OdysseyAVPSessionScreen.swift */; };
		000000000000000000000345 /* OdysseyClinicianLandingScreen.swift in Sources */ = {isa = PBXBuildFile; fileRef = 000000000000000000000305 /* OdysseyClinicianLandingScreen.swift */; };
		000000000000000000000346 /* OdysseyClinicianSessionScreen.swift in Sources */ = {isa = PBXBuildFile; fileRef = 000000000000000000000306 /* OdysseyClinicianSessionScreen.swift */; };
		000000000000000000000347 /* OdysseySessionPreviewSupport.swift in Sources */ = {isa = PBXBuildFile; fileRef = 000000000000000000000307 /* OdysseySessionPreviewSupport.swift */; };
		000000000000000000000348 /* OdysseyClinicalSessionContract.swift in Sources */ = {isa = PBXBuildFile; fileRef = 000000000000000000000308 /* OdysseyClinicalSessionContract.swift */; };
		000000000000000000000349 /* OdysseyClinicalSessionWireCodec.swift in Sources */ = {isa = PBXBuildFile; fileRef = 000000000000000000000309 /* OdysseyClinicalSessionWireCodec.swift */; };
		00000000000000000000034A /* OdysseyClinicalSessionAdapter.swift in Sources */ = {isa = PBXBuildFile; fileRef = 00000000000000000000030A /* OdysseyClinicalSessionAdapter.swift */; };
		00000000000000000000034B /* OdysseyClinicalSessionService.swift in Sources */ = {isa = PBXBuildFile; fileRef = 00000000000000000000030B /* OdysseyClinicalSessionService.swift */; };
		00000000000000000000034C /* OdysseyIntegratedDemo.swift in Sources */ = {isa = PBXBuildFile; fileRef = 00000000000000000000030C /* OdysseyIntegratedDemo.swift */; };
		00000000000000000000034D /* OdysseyIntegratedRoots.swift in Sources */ = {isa = PBXBuildFile; fileRef = 00000000000000000000030D /* OdysseyIntegratedRoots.swift */; };
		000000000000000000000400 /* AssistantAvatarView.swift in Sources */ = {isa = PBXBuildFile; fileRef = 000000000000000000000410 /* AssistantAvatarView.swift */; };
		000000000000000000000401 /* AssistantVoiceController.swift in Sources */ = {isa = PBXBuildFile; fileRef = 000000000000000000000411 /* AssistantVoiceController.swift */; };
		000000000000000000000402 /* assistant-avatar.usdz in Resources */ = {isa = PBXBuildFile; fileRef = 000000000000000000000412 /* assistant-avatar.usdz */; };
/* End PBXBuildFile section */

/* Begin PBXFileReference section */
		000000000000000000000005 /* UpperLimbPOC.app */ = {isa = PBXFileReference; explicitFileType = wrapper.application; includeInIndex = 0; path = UpperLimbPOC.app; sourceTree = BUILT_PRODUCTS_DIR; };
		00000000000000000000000A /* UpperLimbCompanion.app */ = {isa = PBXFileReference; explicitFileType = wrapper.application; includeInIndex = 0; path = UpperLimbCompanion.app; sourceTree = BUILT_PRODUCTS_DIR; };
		000000000000000000000010 /* UpperLimbPOCApp.swift */ = {isa = PBXFileReference; lastKnownFileType = sourcecode.swift; path = UpperLimbPOCApp.swift; sourceTree = "<group>"; };
		000000000000000000000011 /* ContentView.swift */ = {isa = PBXFileReference; lastKnownFileType = sourcecode.swift; path = ContentView.swift; sourceTree = "<group>"; };
		000000000000000000000012 /* ImmersiveView.swift */ = {isa = PBXFileReference; lastKnownFileType = sourcecode.swift; path = ImmersiveView.swift; sourceTree = "<group>"; };
		000000000000000000000013 /* OverlayState.swift */ = {isa = PBXFileReference; lastKnownFileType = sourcecode.swift; path = OverlayState.swift; sourceTree = "<group>"; };
		000000000000000000000014 /* hand-to-elbow-overlay.usdz */ = {isa = PBXFileReference; lastKnownFileType = file.usdz; path = "hand-to-elbow-overlay.usdz"; sourceTree = "<group>"; };
		000000000000000000000015 /* OverlaySnapshot.swift */ = {isa = PBXFileReference; lastKnownFileType = sourcecode.swift; path = OverlaySnapshot.swift; sourceTree = "<group>"; };
		000000000000000000000016 /* PeerSession.swift */ = {isa = PBXFileReference; lastKnownFileType = sourcecode.swift; path = PeerSession.swift; sourceTree = "<group>"; };
		000000000000000000000017 /* CompanionApp.swift */ = {isa = PBXFileReference; lastKnownFileType = sourcecode.swift; path = CompanionApp.swift; sourceTree = "<group>"; };
		000000000000000000000018 /* CompanionContentView.swift */ = {isa = PBXFileReference; lastKnownFileType = sourcecode.swift; path = CompanionContentView.swift; sourceTree = "<group>"; };
		000000000000000000000019 /* LandmarkTrackingService.swift */ = {isa = PBXFileReference; lastKnownFileType = sourcecode.swift; path = LandmarkTrackingService.swift; sourceTree = "<group>"; };
		00000000000000000000001A /* Markers/elbow-marker.png */ = {isa = PBXFileReference; lastKnownFileType = image.png; path = "Markers/elbow-marker.png"; sourceTree = "<group>"; };
		00000000000000000000001B /* Markers/wrist-marker.png */ = {isa = PBXFileReference; lastKnownFileType = image.png; path = "Markers/wrist-marker.png"; sourceTree = "<group>"; };
		000000000000000000000070 /* reference-forearm-01.png */ = {isa = PBXFileReference; lastKnownFileType = image.png; path = "reference-forearm-01.png"; sourceTree = "<group>"; };
		000000000000000000000071 /* reference-forearm-02.png */ = {isa = PBXFileReference; lastKnownFileType = image.png; path = "reference-forearm-02.png"; sourceTree = "<group>"; };
		000000000000000000000072 /* reference-forearm-03.png */ = {isa = PBXFileReference; lastKnownFileType = image.png; path = "reference-forearm-03.png"; sourceTree = "<group>"; };
		000000000000000000000073 /* reference-forearm-04.png */ = {isa = PBXFileReference; lastKnownFileType = image.png; path = "reference-forearm-04.png"; sourceTree = "<group>"; };
		000000000000000000000074 /* reference-forearm-05.png */ = {isa = PBXFileReference; lastKnownFileType = image.png; path = "reference-forearm-05.png"; sourceTree = "<group>"; };
		000000000000000000000075 /* README.md */ = {isa = PBXFileReference; lastKnownFileType = net.daringfireball.markdown; path = README.md; sourceTree = "<group>"; };
		000000000000000000000077 /* IndexFingerKinematics.swift */ = {isa = PBXFileReference; lastKnownFileType = sourcecode.swift; path = IndexFingerKinematics.swift; sourceTree = "<group>"; };
		000000000000000000000078 /* HybridLandmarkRegistration.swift */ = {isa = PBXFileReference; lastKnownFileType = sourcecode.swift; path = HybridLandmarkRegistration.swift; sourceTree = "<group>"; };
		000000000000000000000079 /* JointProbeMetrics.swift */ = {isa = PBXFileReference; lastKnownFileType = sourcecode.swift; path = JointProbeMetrics.swift; sourceTree = "<group>"; };
		00000000000000000000007A /* JointProbeView.swift */ = {isa = PBXFileReference; lastKnownFileType = sourcecode.swift; path = JointProbeView.swift; sourceTree = "<group>"; };
		00000000000000000000007B /* JointProbeImmersiveView.swift */ = {isa = PBXFileReference; lastKnownFileType = sourcecode.swift; path = JointProbeImmersiveView.swift; sourceTree = "<group>"; };
		00000000000000000000007C /* JointProbeRoute.swift */ = {isa = PBXFileReference; lastKnownFileType = sourcecode.swift; path = JointProbeRoute.swift; sourceTree = "<group>"; };
		0000000000000000000000B6 /* AVPForearmOverlayPose.swift */ = {isa = PBXFileReference; lastKnownFileType = sourcecode.swift; path = AVPForearmOverlayPose.swift; sourceTree = "<group>"; };
		0000000000000000000000A0 /* UpperLimbJointFrame.swift */ = {isa = PBXFileReference; lastKnownFileType = sourcecode.swift; path = UpperLimbJointFrame.swift; sourceTree = "<group>"; };
		0000000000000000000000A1 /* UpperLimbPeerEnvelope.swift */ = {isa = PBXFileReference; lastKnownFileType = sourcecode.swift; path = UpperLimbPeerEnvelope.swift; sourceTree = "<group>"; };
		0000000000000000000000A2 /* UpperLimbPeerWireCodec.swift */ = {isa = PBXFileReference; lastKnownFileType = sourcecode.swift; path = UpperLimbPeerWireCodec.swift; sourceTree = "<group>"; };
		0000000000000000000000A3 /* SpatialJointBridge.swift */ = {isa = PBXFileReference; lastKnownFileType = sourcecode.swift; path = UpperLimbIntegration/SpatialJointBridge.swift; sourceTree = "<group>"; };
		0000000000000000000000A4 /* UpperLimbIntegrationState.swift */ = {isa = PBXFileReference; lastKnownFileType = sourcecode.swift; path = UpperLimbIntegration/UpperLimbIntegrationState.swift; sourceTree = "<group>"; };
		0000000000000000000000A5 /* BodyScannerModelManifest.swift */ = {isa = PBXFileReference; lastKnownFileType = sourcecode.swift; path = BodyScanner/Inference/BodyScannerModelManifest.swift; sourceTree = "<group>"; };
		0000000000000000000000A6 /* BodyScannerResourceInspector.swift */ = {isa = PBXFileReference; lastKnownFileType = sourcecode.swift; path = BodyScanner/Inference/BodyScannerResourceInspector.swift; sourceTree = "<group>"; };
		0000000000000000000000A7 /* BodyScannerUpperLimbPoseMapper.swift */ = {isa = PBXFileReference; lastKnownFileType = sourcecode.swift; path = BodyScanner/Inference/BodyScannerUpperLimbPoseMapper.swift; sourceTree = "<group>"; };
		0000000000000000000000A8 /* BodyScannerCameraModel.swift */ = {isa = PBXFileReference; lastKnownFileType = sourcecode.swift; path = BodyScanner/UI/BodyScannerCameraModel.swift; sourceTree = "<group>"; };
		0000000000000000000000A9 /* BodyScannerPresentation.swift */ = {isa = PBXFileReference; lastKnownFileType = sourcecode.swift; path = BodyScanner/UI/BodyScannerPresentation.swift; sourceTree = "<group>"; };
		0000000000000000000000AA /* BodyScannerCameraPreview.swift */ = {isa = PBXFileReference; lastKnownFileType = sourcecode.swift; path = BodyScanner/UI/BodyScannerCameraPreview.swift; sourceTree = "<group>"; };
		0000000000000000000000AB /* BodyScannerScreen.swift */ = {isa = PBXFileReference; lastKnownFileType = sourcecode.swift; path = BodyScanner/UI/BodyScannerScreen.swift; sourceTree = "<group>"; };
		0000000000000000000000AC /* MPPersonPosePipeline.hpp */ = {isa = PBXFileReference; lastKnownFileType = sourcecode.cpp.h; path = BodyScanner/OpenCV/MPPersonPosePipeline.hpp; sourceTree = "<group>"; };
		0000000000000000000000AD /* MPPersonPosePipeline.cpp */ = {isa = PBXFileReference; lastKnownFileType = sourcecode.cpp.cpp; path = BodyScanner/OpenCV/MPPersonPosePipeline.cpp; sourceTree = "<group>"; };
		0000000000000000000000AE /* OpenCVBodyScanner.h */ = {isa = PBXFileReference; lastKnownFileType = sourcecode.c.h; path = BodyScanner/OpenCV/OpenCVBodyScanner.h; sourceTree = "<group>"; };
		0000000000000000000000AF /* OpenCVBodyScanner.mm */ = {isa = PBXFileReference; lastKnownFileType = sourcecode.cpp.objcpp; path = BodyScanner/OpenCV/OpenCVBodyScanner.mm; sourceTree = "<group>"; };
		0000000000000000000000B0 /* OpenCVBodyScanner-Bridging-Header.h */ = {isa = PBXFileReference; lastKnownFileType = sourcecode.c.h; path = BodyScanner/OpenCV/OpenCVBodyScanner-Bridging-Header.h; sourceTree = "<group>"; };
		0000000000000000000000B1 /* opencv2.xcframework */ = {isa = PBXFileReference; lastKnownFileType = wrapper.xcframework; path = Vendor/OpenCV/opencv2.xcframework; sourceTree = SOURCE_ROOT; };
		0000000000000000000000B2 /* person_detection_mediapipe_2023mar.onnx */ = {isa = PBXFileReference; lastKnownFileType = file; path = BodyScannerModels/person_detection_mediapipe_2023mar.onnx; sourceTree = "<group>"; };
		0000000000000000000000B3 /* pose_estimation_mediapipe_2023mar.onnx */ = {isa = PBXFileReference; lastKnownFileType = file; path = BodyScannerModels/pose_estimation_mediapipe_2023mar.onnx; sourceTree = "<group>"; };
		0000000000000000000000B4 /* palm_detection_mediapipe_2023feb.onnx */ = {isa = PBXFileReference; lastKnownFileType = file; path = BodyScannerModels/palm_detection_mediapipe_2023feb.onnx; sourceTree = "<group>"; };
		0000000000000000000000B5 /* handpose_estimation_mediapipe_2023feb.onnx */ = {isa = PBXFileReference; lastKnownFileType = file; path = BodyScannerModels/handpose_estimation_mediapipe_2023feb.onnx; sourceTree = "<group>"; };
		0000000000000000000000D0 /* MedicalAssistantModels.swift */ = {isa = PBXFileReference; lastKnownFileType = sourcecode.swift; path = MedicalAssistantModels.swift; sourceTree = "<group>"; };
		0000000000000000000000D1 /* MedicalAssistantConfiguration.swift */ = {isa = PBXFileReference; lastKnownFileType = sourcecode.swift; path = MedicalAssistantConfiguration.swift; sourceTree = "<group>"; };
		0000000000000000000000D2 /* OpenAICompatibleClient.swift */ = {isa = PBXFileReference; lastKnownFileType = sourcecode.swift; path = OpenAICompatibleClient.swift; sourceTree = "<group>"; };
		0000000000000000000000D3 /* AssistantConversationRepository.swift */ = {isa = PBXFileReference; lastKnownFileType = sourcecode.swift; path = AssistantConversationRepository.swift; sourceTree = "<group>"; };
		0000000000000000000000D4 /* MedicalKnowledgeRepository.swift */ = {isa = PBXFileReference; lastKnownFileType = sourcecode.swift; path = MedicalKnowledgeRepository.swift; sourceTree = "<group>"; };
		0000000000000000000000D5 /* MedicalSafetyPolicy.swift */ = {isa = PBXFileReference; lastKnownFileType = sourcecode.swift; path = MedicalSafetyPolicy.swift; sourceTree = "<group>"; };
		0000000000000000000000D6 /* MedicalAssistantStore.swift */ = {isa = PBXFileReference; lastKnownFileType = sourcecode.swift; path = MedicalAssistantStore.swift; sourceTree = "<group>"; };
		0000000000000000000000D7 /* MedicalAssistantView.swift */ = {isa = PBXFileReference; lastKnownFileType = sourcecode.swift; path = MedicalAssistantView.swift; sourceTree = "<group>"; };
		0000000000000000000000D8 /* MedicalAssistantKnowledge.json */ = {isa = PBXFileReference; lastKnownFileType = text.json; path = MedicalAssistantKnowledge.json; sourceTree = "<group>"; };
		0000000000000000000000D9 /* AppleFoundationModelClient.swift */ = {isa = PBXFileReference; lastKnownFileType = sourcecode.swift; path = AppleFoundationModelClient.swift; sourceTree = "<group>"; };
		0000000000000000000000F0 /* ClinicianGuidanceContract.swift */ = {isa = PBXFileReference; lastKnownFileType = sourcecode.swift; path = ClinicianGuidanceContract.swift; sourceTree = "<group>"; };
		0000000000000000000000F1 /* ClinicianGuidanceWireCodec.swift */ = {isa = PBXFileReference; lastKnownFileType = sourcecode.swift; path = ClinicianGuidanceWireCodec.swift; sourceTree = "<group>"; };
		0000000000000000000000F2 /* ClinicianConnectionStatusView.swift */ = {isa = PBXFileReference; lastKnownFileType = sourcecode.swift; path = ClinicianConnectionStatusView.swift; sourceTree = "<group>"; };
		0000000000000000000000F3 /* ClinicianForearmCanvas.swift */ = {isa = PBXFileReference; lastKnownFileType = sourcecode.swift; path = ClinicianForearmCanvas.swift; sourceTree = "<group>"; };
		0000000000000000000000F4 /* ClinicianControlPanel.swift */ = {isa = PBXFileReference; lastKnownFileType = sourcecode.swift; path = ClinicianControlPanel.swift; sourceTree = "<group>"; };
		0000000000000000000000F5 /* ClinicianGuidancePreviewSupport.swift */ = {isa = PBXFileReference; lastKnownFileType = sourcecode.swift; path = ClinicianGuidancePreviewSupport.swift; sourceTree = "<group>"; };
		0000000000000000000000FE /* ClinicianGuidanceSyncEngine.swift */ = {isa = PBXFileReference; lastKnownFileType = sourcecode.swift; path = ClinicianGuidanceSyncEngine.swift; sourceTree = "<group>"; };
		0000000000000000000000FF /* ClinicianGuidanceSession.swift */ = {isa = PBXFileReference; lastKnownFileType = sourcecode.swift; path = ClinicianGuidanceSession.swift; sourceTree = "<group>"; };
		000000000000000000000100 /* AVPClinicianGuidanceSpatialMapper.swift */ = {isa = PBXFileReference; lastKnownFileType = sourcecode.swift; path = AVPClinicianGuidanceSpatialMapper.swift; sourceTree = "<group>"; };
		000000000000000000000106 /* AnatomicalAnnotationContract.swift */ = {isa = PBXFileReference; lastKnownFileType = sourcecode.swift; path = AnatomicalAnnotationContract.swift; sourceTree = "<group>"; };
		000000000000000000000107 /* AnatomicalAnnotationWireCodec.swift */ = {isa = PBXFileReference; lastKnownFileType = sourcecode.swift; path = AnatomicalAnnotationWireCodec.swift; sourceTree = "<group>"; };
		000000000000000000000108 /* AnatomicalSurfaceProjection.swift */ = {isa = PBXFileReference; lastKnownFileType = sourcecode.swift; path = AnatomicalSurfaceProjection.swift; sourceTree = "<group>"; };
		000000000000000000000109 /* GenericAnatomicalForearmPreview.swift */ = {isa = PBXFileReference; lastKnownFileType = sourcecode.swift; path = GenericAnatomicalForearmPreview.swift; sourceTree = "<group>"; };
		000000000000000000000112 /* AnatomicalLayerAnnotationScreen.swift */ = {isa = PBXFileReference; lastKnownFileType = sourcecode.swift; path = AnatomicalLayerAnnotationScreen.swift; sourceTree = "<group>"; };
		000000000000000000000114 /* CTForearmVolume.swift */ = {isa = PBXFileReference; lastKnownFileType = sourcecode.swift; path = CTForearmVolume.swift; sourceTree = "<group>"; };
		000000000000000000000115 /* CTForearmVolumeRenderer.swift */ = {isa = PBXFileReference; lastKnownFileType = sourcecode.swift; path = CTForearmVolumeRenderer.swift; sourceTree = "<group>"; };
		000000000000000000000116 /* CTForearmVolumeShaders.metal */ = {isa = PBXFileReference; lastKnownFileType = sourcecode.metal; path = CTForearmVolumeShaders.metal; sourceTree = "<group>"; };
		000000000000000000000117 /* CTForearmVRTPreview.swift */ = {isa = PBXFileReference; lastKnownFileType = sourcecode.swift; path = CTForearmVRTPreview.swift; sourceTree = "<group>"; };
		000000000000000000000118 /* visible-human-male-forearm-1680-1740.r8 */ = {isa = PBXFileReference; lastKnownFileType = file; path = "visible-human-male-forearm-1680-1740.r8"; sourceTree = "<group>"; };
		000000000000000000000119 /* visible-human-male-forearm-1680-1740.json */ = {isa = PBXFileReference; lastKnownFileType = text.json; path = "visible-human-male-forearm-1680-1740.json"; sourceTree = "<group>"; };
		00000000000000000000011A /* PROVENANCE.md */ = {isa = PBXFileReference; lastKnownFileType = net.daringfireball.markdown; path = PROVENANCE.md; sourceTree = "<group>"; };
		000000000000000000000140 /* ClinicalTwinPose.swift */ = {isa = PBXFileReference; lastKnownFileType = sourcecode.swift; path = ClinicalTwinPose.swift; sourceTree = "<group>"; };
		000000000000000000000141 /* CTForearmTwinGeometry.swift */ = {isa = PBXFileReference; lastKnownFileType = sourcecode.swift; path = CTForearmTwinGeometry.swift; sourceTree = "<group>"; };
		000000000000000000000142 /* ClinicalTwinLabState.swift */ = {isa = PBXFileReference; lastKnownFileType = sourcecode.swift; path = ClinicalTwinLabState.swift; sourceTree = "<group>"; };
		000000000000000000000143 /* ClinicalTwinRealityKit.swift */ = {isa = PBXFileReference; lastKnownFileType = sourcecode.swift; path = ClinicalTwinRealityKit.swift; sourceTree = "<group>"; };
		000000000000000000000144 /* ClinicalTwinImmersiveView.swift */ = {isa = PBXFileReference; lastKnownFileType = sourcecode.swift; path = ClinicalTwinImmersiveView.swift; sourceTree = "<group>"; };
		000000000000000000000145 /* ClinicalTwinView.swift */ = {isa = PBXFileReference; lastKnownFileType = sourcecode.swift; path = ClinicalTwinView.swift; sourceTree = "<group>"; };
		000000000000000000000160 /* OnArmAnatomyAssetContract.swift */ = {isa = PBXFileReference; lastKnownFileType = sourcecode.swift; path = OnArmAnatomyAssetContract.swift; sourceTree = "<group>"; };
		000000000000000000000161 /* OnArmAnatomyPose.swift */ = {isa = PBXFileReference; lastKnownFileType = sourcecode.swift; path = OnArmAnatomyPose.swift; sourceTree = "<group>"; };
		000000000000000000000162 /* OnArmAnatomyRealityKit.swift */ = {isa = PBXFileReference; lastKnownFileType = sourcecode.swift; path = OnArmAnatomyRealityKit.swift; sourceTree = "<group>"; };
		000000000000000000000163 /* OnArmAnatomyLabState.swift */ = {isa = PBXFileReference; lastKnownFileType = sourcecode.swift; path = OnArmAnatomyLabState.swift; sourceTree = "<group>"; };
		000000000000000000000164 /* OnArmAnatomyImmersiveView.swift */ = {isa = PBXFileReference; lastKnownFileType = sourcecode.swift; path = OnArmAnatomyImmersiveView.swift; sourceTree = "<group>"; };
		000000000000000000000165 /* OnArmAnatomyView.swift */ = {isa = PBXFileReference; lastKnownFileType = sourcecode.swift; path = OnArmAnatomyView.swift; sourceTree = "<group>"; };
		000000000000000000000300 /* OdysseyExperienceActions.swift */ = {isa = PBXFileReference; lastKnownFileType = sourcecode.swift; path = OdysseyExperienceActions.swift; sourceTree = "<group>"; };
		000000000000000000000301 /* OdysseyExperienceViewState.swift */ = {isa = PBXFileReference; lastKnownFileType = sourcecode.swift; path = OdysseyExperienceViewState.swift; sourceTree = "<group>"; };
		000000000000000000000302 /* OdysseySessionUIComponents.swift */ = {isa = PBXFileReference; lastKnownFileType = sourcecode.swift; path = OdysseySessionUIComponents.swift; sourceTree = "<group>"; };
		000000000000000000000303 /* OdysseyAVPLandingScreen.swift */ = {isa = PBXFileReference; lastKnownFileType = sourcecode.swift; path = OdysseyAVPLandingScreen.swift; sourceTree = "<group>"; };
		000000000000000000000304 /* OdysseyAVPSessionScreen.swift */ = {isa = PBXFileReference; lastKnownFileType = sourcecode.swift; path = OdysseyAVPSessionScreen.swift; sourceTree = "<group>"; };
		000000000000000000000305 /* OdysseyClinicianLandingScreen.swift */ = {isa = PBXFileReference; lastKnownFileType = sourcecode.swift; path = OdysseyClinicianLandingScreen.swift; sourceTree = "<group>"; };
		000000000000000000000306 /* OdysseyClinicianSessionScreen.swift */ = {isa = PBXFileReference; lastKnownFileType = sourcecode.swift; path = OdysseyClinicianSessionScreen.swift; sourceTree = "<group>"; };
		000000000000000000000307 /* OdysseySessionPreviewSupport.swift */ = {isa = PBXFileReference; lastKnownFileType = sourcecode.swift; path = OdysseySessionPreviewSupport.swift; sourceTree = "<group>"; };
		000000000000000000000308 /* OdysseyClinicalSessionContract.swift */ = {isa = PBXFileReference; lastKnownFileType = sourcecode.swift; path = OdysseyClinicalSessionContract.swift; sourceTree = "<group>"; };
		000000000000000000000309 /* OdysseyClinicalSessionWireCodec.swift */ = {isa = PBXFileReference; lastKnownFileType = sourcecode.swift; path = OdysseyClinicalSessionWireCodec.swift; sourceTree = "<group>"; };
		00000000000000000000030A /* OdysseyClinicalSessionAdapter.swift */ = {isa = PBXFileReference; lastKnownFileType = sourcecode.swift; path = OdysseyClinicalSessionAdapter.swift; sourceTree = "<group>"; };
		00000000000000000000030B /* OdysseyClinicalSessionService.swift */ = {isa = PBXFileReference; lastKnownFileType = sourcecode.swift; path = OdysseyClinicalSessionService.swift; sourceTree = "<group>"; };
		00000000000000000000030C /* OdysseyIntegratedDemo.swift */ = {isa = PBXFileReference; lastKnownFileType = sourcecode.swift; path = OdysseyIntegratedDemo.swift; sourceTree = "<group>"; };
		00000000000000000000030D /* OdysseyIntegratedRoots.swift */ = {isa = PBXFileReference; lastKnownFileType = sourcecode.swift; path = OdysseyIntegratedRoots.swift; sourceTree = "<group>"; };
		000000000000000000000410 /* AssistantAvatarView.swift */ = {isa = PBXFileReference; lastKnownFileType = sourcecode.swift; path = AssistantAvatarView.swift; sourceTree = "<group>"; };
		000000000000000000000411 /* AssistantVoiceController.swift */ = {isa = PBXFileReference; lastKnownFileType = sourcecode.swift; path = AssistantVoiceController.swift; sourceTree = "<group>"; };
		000000000000000000000412 /* assistant-avatar.usdz */ = {isa = PBXFileReference; lastKnownFileType = file.usdz; path = "assistant-avatar.usdz"; sourceTree = "<group>"; };
/* End PBXFileReference section */

/* Begin PBXFrameworksBuildPhase section */
		000000000000000000000008 /* Frameworks */ = {
			isa = PBXFrameworksBuildPhase;
			buildActionMask = 2147483647;
			files = (
			);
			runOnlyForDeploymentPostprocessing = 0;
		};
		00000000000000000000000E /* Frameworks */ = {
			isa = PBXFrameworksBuildPhase;
			buildActionMask = 2147483647;
			files = (
				000000000000000000000091 /* opencv2.xcframework in Frameworks */,
			);
			runOnlyForDeploymentPostprocessing = 0;
		};
/* End PBXFrameworksBuildPhase section */

/* Begin PBXGroup section */
		000000000000000000000002 = {
			isa = PBXGroup;
			children = (
				000000000000000000000009 /* UpperLimbPOC */,
				0000000000000000000000B1 /* opencv2.xcframework */,
				000000000000000000000003 /* Products */,
			);
			sourceTree = "<group>";
		};
		000000000000000000000003 /* Products */ = {
			isa = PBXGroup;
			children = (
				000000000000000000000005 /* UpperLimbPOC.app */,
				00000000000000000000000A /* UpperLimbCompanion.app */,
			);
			name = Products;
			sourceTree = "<group>";
		};
		000000000000000000000009 /* UpperLimbPOC */ = {
			isa = PBXGroup;
			children = (
				000000000000000000000010 /* UpperLimbPOCApp.swift */,
				0000000000000000000000E0 /* MedicalAssistant */,
				000000000000000000000011 /* ContentView.swift */,
				000000000000000000000012 /* ImmersiveView.swift */,
				000000000000000000000013 /* OverlayState.swift */,
				000000000000000000000014 /* hand-to-elbow-overlay.usdz */,
				000000000000000000000015 /* OverlaySnapshot.swift */,
				000000000000000000000016 /* PeerSession.swift */,
				000000000000000000000017 /* CompanionApp.swift */,
				000000000000000000000018 /* CompanionContentView.swift */,
				000000000000000000000300 /* OdysseyExperienceActions.swift */,
				000000000000000000000301 /* OdysseyExperienceViewState.swift */,
				000000000000000000000302 /* OdysseySessionUIComponents.swift */,
				000000000000000000000303 /* OdysseyAVPLandingScreen.swift */,
				000000000000000000000304 /* OdysseyAVPSessionScreen.swift */,
				000000000000000000000305 /* OdysseyClinicianLandingScreen.swift */,
				000000000000000000000306 /* OdysseyClinicianSessionScreen.swift */,
				000000000000000000000307 /* OdysseySessionPreviewSupport.swift */,
				000000000000000000000308 /* OdysseyClinicalSessionContract.swift */,
				000000000000000000000309 /* OdysseyClinicalSessionWireCodec.swift */,
				00000000000000000000030A /* OdysseyClinicalSessionAdapter.swift */,
				00000000000000000000030B /* OdysseyClinicalSessionService.swift */,
				00000000000000000000030C /* OdysseyIntegratedDemo.swift */,
				00000000000000000000030D /* OdysseyIntegratedRoots.swift */,
				000000000000000000000019 /* LandmarkTrackingService.swift */,
				000000000000000000000077 /* IndexFingerKinematics.swift */,
				000000000000000000000078 /* HybridLandmarkRegistration.swift */,
				000000000000000000000079 /* JointProbeMetrics.swift */,
				00000000000000000000007A /* JointProbeView.swift */,
				00000000000000000000007B /* JointProbeImmersiveView.swift */,
				00000000000000000000007C /* JointProbeRoute.swift */,
				0000000000000000000000B6 /* AVPForearmOverlayPose.swift */,
				0000000000000000000000A0 /* UpperLimbJointFrame.swift */,
				0000000000000000000000A1 /* UpperLimbPeerEnvelope.swift */,
				0000000000000000000000A2 /* UpperLimbPeerWireCodec.swift */,
				0000000000000000000000F0 /* ClinicianGuidanceContract.swift */,
				0000000000000000000000F1 /* ClinicianGuidanceWireCodec.swift */,
				0000000000000000000000F2 /* ClinicianConnectionStatusView.swift */,
				0000000000000000000000F3 /* ClinicianForearmCanvas.swift */,
				0000000000000000000000F4 /* ClinicianControlPanel.swift */,
				0000000000000000000000F5 /* ClinicianGuidancePreviewSupport.swift */,
				0000000000000000000000FE /* ClinicianGuidanceSyncEngine.swift */,
				0000000000000000000000FF /* ClinicianGuidanceSession.swift */,
				000000000000000000000100 /* AVPClinicianGuidanceSpatialMapper.swift */,
				000000000000000000000106 /* AnatomicalAnnotationContract.swift */,
				000000000000000000000107 /* AnatomicalAnnotationWireCodec.swift */,
				000000000000000000000108 /* AnatomicalSurfaceProjection.swift */,
				000000000000000000000109 /* GenericAnatomicalForearmPreview.swift */,
				000000000000000000000112 /* AnatomicalLayerAnnotationScreen.swift */,
				0000000000000000000000A3 /* SpatialJointBridge.swift */,
				0000000000000000000000A4 /* UpperLimbIntegrationState.swift */,
				0000000000000000000000A5 /* BodyScannerModelManifest.swift */,
				0000000000000000000000A6 /* BodyScannerResourceInspector.swift */,
				0000000000000000000000A7 /* BodyScannerUpperLimbPoseMapper.swift */,
				0000000000000000000000A8 /* BodyScannerCameraModel.swift */,
				0000000000000000000000A9 /* BodyScannerPresentation.swift */,
				0000000000000000000000AA /* BodyScannerCameraPreview.swift */,
				0000000000000000000000AB /* BodyScannerScreen.swift */,
				0000000000000000000000AC /* MPPersonPosePipeline.hpp */,
				0000000000000000000000AD /* MPPersonPosePipeline.cpp */,
				0000000000000000000000AE /* OpenCVBodyScanner.h */,
				0000000000000000000000AF /* OpenCVBodyScanner.mm */,
				0000000000000000000000B0 /* OpenCVBodyScanner-Bridging-Header.h */,
				0000000000000000000000B2 /* person_detection_mediapipe_2023mar.onnx */,
				0000000000000000000000B3 /* pose_estimation_mediapipe_2023mar.onnx */,
				0000000000000000000000B4 /* palm_detection_mediapipe_2023feb.onnx */,
				0000000000000000000000B5 /* handpose_estimation_mediapipe_2023feb.onnx */,
				00000000000000000000001A /* Markers/elbow-marker.png */,
				00000000000000000000001B /* Markers/wrist-marker.png */,
				00000000000000000000011B /* CTVolume */,
				000000000000000000000146 /* ClinicalTwin */,
				000000000000000000000166 /* OnArmAnatomy */,
				000000000000000000000076 /* ReferenceSlices */,
			);
			path = UpperLimbPOC;
			sourceTree = "<group>";
		};
		000000000000000000000076 /* ReferenceSlices */ = {
			isa = PBXGroup;
			children = (
				000000000000000000000070 /* reference-forearm-01.png */,
				000000000000000000000071 /* reference-forearm-02.png */,
				000000000000000000000072 /* reference-forearm-03.png */,
				000000000000000000000073 /* reference-forearm-04.png */,
				000000000000000000000074 /* reference-forearm-05.png */,
				000000000000000000000075 /* README.md */,
			);
			path = ReferenceSlices;
			sourceTree = "<group>";
		};
		0000000000000000000000E0 /* MedicalAssistant */ = {
			isa = PBXGroup;
			children = (
				0000000000000000000000D0 /* MedicalAssistantModels.swift */,
				0000000000000000000000D1 /* MedicalAssistantConfiguration.swift */,
				0000000000000000000000D2 /* OpenAICompatibleClient.swift */,
				0000000000000000000000D3 /* AssistantConversationRepository.swift */,
				0000000000000000000000D4 /* MedicalKnowledgeRepository.swift */,
				0000000000000000000000D5 /* MedicalSafetyPolicy.swift */,
				0000000000000000000000D6 /* MedicalAssistantStore.swift */,
				0000000000000000000000D7 /* MedicalAssistantView.swift */,
				0000000000000000000000D9 /* AppleFoundationModelClient.swift */,
				000000000000000000000410 /* AssistantAvatarView.swift */,
				000000000000000000000411 /* AssistantVoiceController.swift */,
				0000000000000000000000E1 /* Resources */,
			);
			path = MedicalAssistant;
			sourceTree = "<group>";
		};
		0000000000000000000000E1 /* Resources */ = {
			isa = PBXGroup;
			children = (
				0000000000000000000000D8 /* MedicalAssistantKnowledge.json */,
				000000000000000000000412 /* assistant-avatar.usdz */,
			);
			path = Resources;
			sourceTree = "<group>";
		};
		00000000000000000000011B /* CTVolume */ = {
			isa = PBXGroup;
			children = (
				000000000000000000000114 /* CTForearmVolume.swift */,
				000000000000000000000115 /* CTForearmVolumeRenderer.swift */,
				000000000000000000000116 /* CTForearmVolumeShaders.metal */,
				000000000000000000000117 /* CTForearmVRTPreview.swift */,
				000000000000000000000118 /* visible-human-male-forearm-1680-1740.r8 */,
				000000000000000000000119 /* visible-human-male-forearm-1680-1740.json */,
				00000000000000000000011A /* PROVENANCE.md */,
			);
			path = CTVolume;
			sourceTree = "<group>";
		};
		000000000000000000000146 /* ClinicalTwin */ = {
			isa = PBXGroup;
			children = (
				000000000000000000000140 /* ClinicalTwinPose.swift */,
				000000000000000000000141 /* CTForearmTwinGeometry.swift */,
				000000000000000000000142 /* ClinicalTwinLabState.swift */,
				000000000000000000000143 /* ClinicalTwinRealityKit.swift */,
				000000000000000000000144 /* ClinicalTwinImmersiveView.swift */,
				000000000000000000000145 /* ClinicalTwinView.swift */,
			);
			path = ClinicalTwin;
			sourceTree = "<group>";
		};
		000000000000000000000166 /* OnArmAnatomy */ = {
			isa = PBXGroup;
			children = (
				000000000000000000000160 /* OnArmAnatomyAssetContract.swift */,
				000000000000000000000161 /* OnArmAnatomyPose.swift */,
				000000000000000000000162 /* OnArmAnatomyRealityKit.swift */,
				000000000000000000000163 /* OnArmAnatomyLabState.swift */,
				000000000000000000000164 /* OnArmAnatomyImmersiveView.swift */,
				000000000000000000000165 /* OnArmAnatomyView.swift */,
			);
			path = OnArmAnatomy;
			sourceTree = "<group>";
		};
/* End PBXGroup section */

/* Begin PBXNativeTarget section */
		000000000000000000000004 /* UpperLimbPOC */ = {
			isa = PBXNativeTarget;
			buildConfigurationList = 000000000000000000000041 /* Build configuration list for PBXNativeTarget "UpperLimbPOC" */;
			buildPhases = (
				000000000000000000000006 /* Sources */,
				000000000000000000000008 /* Frameworks */,
				000000000000000000000007 /* Resources */,
			);
			buildRules = (
			);
			dependencies = (
			);
			name = UpperLimbPOC;
			productName = UpperLimbPOC;
			productReference = 000000000000000000000005 /* UpperLimbPOC.app */;
			productType = "com.apple.product-type.application";
		};
		00000000000000000000000B /* UpperLimbCompanion */ = {
			isa = PBXNativeTarget;
			buildConfigurationList = 000000000000000000000042 /* Build configuration list for PBXNativeTarget "UpperLimbCompanion" */;
			buildPhases = (
				00000000000000000000000C /* Sources */,
				00000000000000000000000E /* Frameworks */,
				00000000000000000000000D /* Resources */,
			);
			buildRules = (
			);
			dependencies = (
			);
			name = UpperLimbCompanion;
			productName = UpperLimbCompanion;
			productReference = 00000000000000000000000A /* UpperLimbCompanion.app */;
			productType = "com.apple.product-type.application";
		};
/* End PBXNativeTarget section */

/* Begin PBXProject section */
		000000000000000000000001 /* Project object */ = {
			isa = PBXProject;
			attributes = {
				BuildIndependentTargetsInParallel = 1;
				LastSwiftUpdateCheck = 2660;
				LastUpgradeCheck = 2660;
				TargetAttributes = {
					000000000000000000000004 = {
						CreatedOnToolsVersion = 26.6;
					};
					00000000000000000000000B = {
						CreatedOnToolsVersion = 26.6;
					};
				};
			};
			buildConfigurationList = 000000000000000000000040 /* Build configuration list for PBXProject "RadiographicAnatomyPOC" */;
			compatibilityVersion = "Xcode 14.0";
			developmentRegion = en;
			hasScannedForEncodings = 0;
			knownRegions = (
				en,
				Base,
			);
			mainGroup = 000000000000000000000002;
			productRefGroup = 000000000000000000000003 /* Products */;
			projectDirPath = "";
			projectRoot = "";
			targets = (
				000000000000000000000004 /* UpperLimbPOC */,
				00000000000000000000000B /* UpperLimbCompanion */,
			);
		};
/* End PBXProject section */

/* Begin PBXResourcesBuildPhase section */
		000000000000000000000007 /* Resources */ = {
			isa = PBXResourcesBuildPhase;
			buildActionMask = 2147483647;
			files = (
				000000000000000000000024 /* hand-to-elbow-overlay.usdz in Resources */,
				000000000000000000000137 /* visible-human-male-forearm-1680-1740.r8 in Resources */,
				000000000000000000000138 /* visible-human-male-forearm-1680-1740.json in Resources */,
				0000000000000000000000C8 /* MedicalAssistantKnowledge.json in Resources */,
				000000000000000000000402 /* assistant-avatar.usdz in Resources */,
				00000000000000000000002E /* Markers/elbow-marker.png in Resources */,
				00000000000000000000002F /* Markers/wrist-marker.png in Resources */,
				000000000000000000000060 /* reference-forearm-01.png in Resources */,
				000000000000000000000061 /* reference-forearm-02.png in Resources */,
				000000000000000000000062 /* reference-forearm-03.png in Resources */,
				000000000000000000000063 /* reference-forearm-04.png in Resources */,
				000000000000000000000064 /* reference-forearm-05.png in Resources */,
				000000000000000000000065 /* README.md in Resources */,
			);
			runOnlyForDeploymentPostprocessing = 0;
		};
		00000000000000000000000D /* Resources */ = {
			isa = PBXResourcesBuildPhase;
			buildActionMask = 2147483647;
			files = (
				00000000000000000000002C /* hand-to-elbow-overlay.usdz in Resources */,
				000000000000000000000124 /* visible-human-male-forearm-1680-1740.r8 in Resources */,
				000000000000000000000125 /* visible-human-male-forearm-1680-1740.json in Resources */,
				000000000000000000000092 /* person_detection_mediapipe_2023mar.onnx in Resources */,
				000000000000000000000093 /* pose_estimation_mediapipe_2023mar.onnx in Resources */,
				000000000000000000000094 /* palm_detection_mediapipe_2023feb.onnx in Resources */,
				000000000000000000000095 /* handpose_estimation_mediapipe_2023feb.onnx in Resources */,
			);
			runOnlyForDeploymentPostprocessing = 0;
		};
/* End PBXResourcesBuildPhase section */

/* Begin PBXSourcesBuildPhase section */
		000000000000000000000006 /* Sources */ = {
			isa = PBXSourcesBuildPhase;
			buildActionMask = 2147483647;
			files = (
				000000000000000000000020 /* UpperLimbPOCApp.swift in Sources */,
				000000000000000000000320 /* OdysseyExperienceActions.swift in Sources */,
				000000000000000000000321 /* OdysseyExperienceViewState.swift in Sources */,
				000000000000000000000322 /* OdysseySessionUIComponents.swift in Sources */,
				000000000000000000000323 /* OdysseyAVPLandingScreen.swift in Sources */,
				000000000000000000000324 /* OdysseyAVPSessionScreen.swift in Sources */,
				000000000000000000000325 /* OdysseyClinicianLandingScreen.swift in Sources */,
				000000000000000000000326 /* OdysseyClinicianSessionScreen.swift in Sources */,
				000000000000000000000327 /* OdysseySessionPreviewSupport.swift in Sources */,
				000000000000000000000328 /* OdysseyClinicalSessionContract.swift in Sources */,
				000000000000000000000329 /* OdysseyClinicalSessionWireCodec.swift in Sources */,
				00000000000000000000032A /* OdysseyClinicalSessionAdapter.swift in Sources */,
				00000000000000000000032B /* OdysseyClinicalSessionService.swift in Sources */,
				00000000000000000000032C /* OdysseyIntegratedDemo.swift in Sources */,
				00000000000000000000032D /* OdysseyIntegratedRoots.swift in Sources */,
				000000000000000000000150 /* OnArmAnatomyAssetContract.swift in Sources */,
				000000000000000000000151 /* OnArmAnatomyPose.swift in Sources */,
				000000000000000000000152 /* OnArmAnatomyRealityKit.swift in Sources */,
				000000000000000000000153 /* OnArmAnatomyLabState.swift in Sources */,
				000000000000000000000154 /* OnArmAnatomyImmersiveView.swift in Sources */,
				000000000000000000000155 /* OnArmAnatomyView.swift in Sources */,
				000000000000000000000130 /* CTForearmVolume.swift in Sources */,
				000000000000000000000131 /* ClinicalTwinPose.swift in Sources */,
				000000000000000000000132 /* CTForearmTwinGeometry.swift in Sources */,
				000000000000000000000133 /* ClinicalTwinLabState.swift in Sources */,
				000000000000000000000134 /* ClinicalTwinRealityKit.swift in Sources */,
				000000000000000000000135 /* ClinicalTwinImmersiveView.swift in Sources */,
				000000000000000000000136 /* ClinicalTwinView.swift in Sources */,
				0000000000000000000000C0 /* MedicalAssistantModels.swift in Sources */,
				0000000000000000000000C1 /* MedicalAssistantConfiguration.swift in Sources */,
				0000000000000000000000C2 /* OpenAICompatibleClient.swift in Sources */,
				0000000000000000000000C3 /* AssistantConversationRepository.swift in Sources */,
				0000000000000000000000C4 /* MedicalKnowledgeRepository.swift in Sources */,
				0000000000000000000000C5 /* MedicalSafetyPolicy.swift in Sources */,
				0000000000000000000000C6 /* MedicalAssistantStore.swift in Sources */,
				0000000000000000000000C7 /* MedicalAssistantView.swift in Sources */,
				0000000000000000000000C9 /* AppleFoundationModelClient.swift in Sources */,
				000000000000000000000400 /* AssistantAvatarView.swift in Sources */,
				000000000000000000000401 /* AssistantVoiceController.swift in Sources */,
				000000000000000000000021 /* ContentView.swift in Sources */,
				000000000000000000000022 /* ImmersiveView.swift in Sources */,
				000000000000000000000023 /* OverlayState.swift in Sources */,
				000000000000000000000025 /* OverlaySnapshot.swift in Sources */,
				000000000000000000000026 /* PeerSession.swift in Sources */,
				00000000000000000000002D /* LandmarkTrackingService.swift in Sources */,
				000000000000000000000066 /* IndexFingerKinematics.swift in Sources */,
				000000000000000000000067 /* HybridLandmarkRegistration.swift in Sources */,
				000000000000000000000069 /* JointProbeMetrics.swift in Sources */,
				00000000000000000000006A /* JointProbeView.swift in Sources */,
				00000000000000000000006B /* JointProbeImmersiveView.swift in Sources */,
				00000000000000000000006C /* JointProbeRoute.swift in Sources */,
				000000000000000000000096 /* AVPForearmOverlayPose.swift in Sources */,
				000000000000000000000080 /* UpperLimbJointFrame.swift in Sources */,
				000000000000000000000082 /* UpperLimbPeerEnvelope.swift in Sources */,
				000000000000000000000084 /* UpperLimbPeerWireCodec.swift in Sources */,
				0000000000000000000000F6 /* ClinicianGuidanceContract.swift in Sources */,
				0000000000000000000000F8 /* ClinicianGuidanceWireCodec.swift in Sources */,
				000000000000000000000101 /* ClinicianGuidanceSyncEngine.swift in Sources */,
				000000000000000000000103 /* ClinicianGuidanceSession.swift in Sources */,
				000000000000000000000105 /* AVPClinicianGuidanceSpatialMapper.swift in Sources */,
				00000000000000000000010A /* AnatomicalAnnotationContract.swift in Sources */,
				00000000000000000000010C /* AnatomicalAnnotationWireCodec.swift in Sources */,
				00000000000000000000010E /* AnatomicalSurfaceProjection.swift in Sources */,
				000000000000000000000086 /* SpatialJointBridge.swift in Sources */,
				000000000000000000000087 /* UpperLimbIntegrationState.swift in Sources */,
			);
			runOnlyForDeploymentPostprocessing = 0;
		};
		00000000000000000000000C /* Sources */ = {
			isa = PBXSourcesBuildPhase;
			buildActionMask = 2147483647;
			files = (
				000000000000000000000027 /* CompanionApp.swift in Sources */,
				000000000000000000000340 /* OdysseyExperienceActions.swift in Sources */,
				000000000000000000000341 /* OdysseyExperienceViewState.swift in Sources */,
				000000000000000000000342 /* OdysseySessionUIComponents.swift in Sources */,
				000000000000000000000343 /* OdysseyAVPLandingScreen.swift in Sources */,
				000000000000000000000344 /* OdysseyAVPSessionScreen.swift in Sources */,
				000000000000000000000345 /* OdysseyClinicianLandingScreen.swift in Sources */,
				000000000000000000000346 /* OdysseyClinicianSessionScreen.swift in Sources */,
				000000000000000000000347 /* OdysseySessionPreviewSupport.swift in Sources */,
				000000000000000000000348 /* OdysseyClinicalSessionContract.swift in Sources */,
				000000000000000000000349 /* OdysseyClinicalSessionWireCodec.swift in Sources */,
				00000000000000000000034A /* OdysseyClinicalSessionAdapter.swift in Sources */,
				00000000000000000000034B /* OdysseyClinicalSessionService.swift in Sources */,
				00000000000000000000034C /* OdysseyIntegratedDemo.swift in Sources */,
				00000000000000000000034D /* OdysseyIntegratedRoots.swift in Sources */,
				000000000000000000000120 /* CTForearmVolume.swift in Sources */,
				000000000000000000000121 /* CTForearmVolumeRenderer.swift in Sources */,
				000000000000000000000122 /* CTForearmVolumeShaders.metal in Sources */,
				000000000000000000000123 /* CTForearmVRTPreview.swift in Sources */,
				000000000000000000000028 /* CompanionContentView.swift in Sources */,
				000000000000000000000029 /* OverlayState.swift in Sources */,
				00000000000000000000002A /* OverlaySnapshot.swift in Sources */,
				00000000000000000000002B /* PeerSession.swift in Sources */,
				000000000000000000000068 /* HybridLandmarkRegistration.swift in Sources */,
				000000000000000000000081 /* UpperLimbJointFrame.swift in Sources */,
				000000000000000000000083 /* UpperLimbPeerEnvelope.swift in Sources */,
				000000000000000000000085 /* UpperLimbPeerWireCodec.swift in Sources */,
				0000000000000000000000F7 /* ClinicianGuidanceContract.swift in Sources */,
				0000000000000000000000F9 /* ClinicianGuidanceWireCodec.swift in Sources */,
				000000000000000000000102 /* ClinicianGuidanceSyncEngine.swift in Sources */,
				000000000000000000000104 /* ClinicianGuidanceSession.swift in Sources */,
				00000000000000000000010B /* AnatomicalAnnotationContract.swift in Sources */,
				00000000000000000000010D /* AnatomicalAnnotationWireCodec.swift in Sources */,
				00000000000000000000010F /* AnatomicalSurfaceProjection.swift in Sources */,
				000000000000000000000111 /* GenericAnatomicalForearmPreview.swift in Sources */,
				000000000000000000000113 /* AnatomicalLayerAnnotationScreen.swift in Sources */,
				0000000000000000000000FA /* ClinicianConnectionStatusView.swift in Sources */,
				0000000000000000000000FB /* ClinicianForearmCanvas.swift in Sources */,
				0000000000000000000000FC /* ClinicianControlPanel.swift in Sources */,
				0000000000000000000000FD /* ClinicianGuidancePreviewSupport.swift in Sources */,
				000000000000000000000088 /* BodyScannerModelManifest.swift in Sources */,
				000000000000000000000089 /* BodyScannerResourceInspector.swift in Sources */,
				00000000000000000000008A /* BodyScannerUpperLimbPoseMapper.swift in Sources */,
				00000000000000000000008B /* BodyScannerCameraModel.swift in Sources */,
				00000000000000000000008C /* BodyScannerPresentation.swift in Sources */,
				00000000000000000000008D /* BodyScannerCameraPreview.swift in Sources */,
				00000000000000000000008E /* BodyScannerScreen.swift in Sources */,
				00000000000000000000008F /* OpenCVBodyScanner.mm in Sources */,
				000000000000000000000090 /* MPPersonPosePipeline.cpp in Sources */,
			);
			runOnlyForDeploymentPostprocessing = 0;
		};
/* End PBXSourcesBuildPhase section */

/* Begin XCBuildConfiguration section */
		000000000000000000000030 /* Debug */ = {
			isa = XCBuildConfiguration;
			buildSettings = {
				ALWAYS_SEARCH_USER_PATHS = NO;
				CLANG_ENABLE_MODULES = YES;
				CLANG_ENABLE_OBJC_ARC = YES;
				COPY_PHASE_STRIP = NO;
				DEBUG_INFORMATION_FORMAT = dwarf;
				ENABLE_TESTABILITY = YES;
				GCC_C_LANGUAGE_STANDARD = gnu17;
				GCC_NO_COMMON_BLOCKS = YES;
				GCC_OPTIMIZATION_LEVEL = 0;
				ONLY_ACTIVE_ARCH = YES;
				SWIFT_ACTIVE_COMPILATION_CONDITIONS = "DEBUG $(inherited)";
				SWIFT_OPTIMIZATION_LEVEL = "-Onone";
			};
			name = Debug;
		};
		000000000000000000000031 /* Release */ = {
			isa = XCBuildConfiguration;
			buildSettings = {
				ALWAYS_SEARCH_USER_PATHS = NO;
				CLANG_ENABLE_MODULES = YES;
				CLANG_ENABLE_OBJC_ARC = YES;
				COPY_PHASE_STRIP = YES;
				DEBUG_INFORMATION_FORMAT = "dwarf-with-dsym";
				GCC_C_LANGUAGE_STANDARD = gnu17;
				GCC_NO_COMMON_BLOCKS = YES;
				SWIFT_COMPILATION_MODE = wholemodule;
			};
			name = Release;
		};
		000000000000000000000032 /* Debug */ = {
			isa = XCBuildConfiguration;
			buildSettings = {
				CODE_SIGN_STYLE = Automatic;
				CURRENT_PROJECT_VERSION = 3;
				DEAD_CODE_STRIPPING = YES;
				DEVELOPMENT_TEAM = QLYUY93X5V;
				ENABLE_PREVIEWS = YES;
				GENERATE_INFOPLIST_FILE = NO;
				INFOPLIST_FILE = UpperLimbPOC/InfoVision.plist;
				INFOPLIST_KEY_CFBundleDisplayName = "Radiographic Anatomy POC";
				INFOPLIST_KEY_NSBonjourServices = "_upperlimb-poc._tcp";
				INFOPLIST_KEY_NSLocalNetworkUsageDescription = "Connect to the Upper-Limb Companion on the local network to synchronize non-identifying overlay controls.";
				INFOPLIST_KEY_UIApplicationSceneManifest_Generation = YES;
				INFOPLIST_KEY_UIApplicationSupportsIndirectInputEvents = YES;
				LD_RUNPATH_SEARCH_PATHS = (
					"$(inherited)",
					"@executable_path/Frameworks",
				);
				MARKETING_VERSION = 3.0;
				PRODUCT_BUNDLE_IDENTIFIER = com.marcel.UpperLimbPOC;
				PRODUCT_NAME = "$(TARGET_NAME)";
				SDKROOT = xros;
				SUPPORTED_PLATFORMS = "xros xrsimulator";
				SWIFT_EMIT_LOC_STRINGS = YES;
				SWIFT_VERSION = 5.0;
				TARGETED_DEVICE_FAMILY = 7;
				XROS_DEPLOYMENT_TARGET = 2.0;
			};
			name = Debug;
		};
		000000000000000000000033 /* Release */ = {
			isa = XCBuildConfiguration;
			buildSettings = {
				CODE_SIGN_STYLE = Automatic;
				CURRENT_PROJECT_VERSION = 3;
				DEAD_CODE_STRIPPING = YES;
				DEVELOPMENT_TEAM = QLYUY93X5V;
				ENABLE_PREVIEWS = YES;
				EXCLUDED_SOURCE_FILE_NAMES = (
					CTForearmVolume.swift,
					OnArmAnatomyAssetContract.swift,
					OnArmAnatomyPose.swift,
					OnArmAnatomyRealityKit.swift,
					OnArmAnatomyLabState.swift,
					OnArmAnatomyImmersiveView.swift,
					OnArmAnatomyView.swift,
					ClinicalTwinPose.swift,
					CTForearmTwinGeometry.swift,
					ClinicalTwinLabState.swift,
					ClinicalTwinRealityKit.swift,
					ClinicalTwinImmersiveView.swift,
					ClinicalTwinView.swift,
					"visible-human-male-forearm-1680-1740.r8",
					"visible-human-male-forearm-1680-1740.json",
				);
				GENERATE_INFOPLIST_FILE = NO;
				INFOPLIST_FILE = UpperLimbPOC/InfoVision.plist;
				INFOPLIST_KEY_CFBundleDisplayName = "Radiographic Anatomy POC";
				INFOPLIST_KEY_NSBonjourServices = "_upperlimb-poc._tcp";
				INFOPLIST_KEY_NSLocalNetworkUsageDescription = "Connect to the Upper-Limb Companion on the local network to synchronize non-identifying overlay controls.";
				INFOPLIST_KEY_UIApplicationSceneManifest_Generation = YES;
				INFOPLIST_KEY_UIApplicationSupportsIndirectInputEvents = YES;
				LD_RUNPATH_SEARCH_PATHS = (
					"$(inherited)",
					"@executable_path/Frameworks",
				);
				MARKETING_VERSION = 3.0;
				PRODUCT_BUNDLE_IDENTIFIER = com.marcel.UpperLimbPOC;
				PRODUCT_NAME = "$(TARGET_NAME)";
				SDKROOT = xros;
				SUPPORTED_PLATFORMS = "xros xrsimulator";
				SWIFT_EMIT_LOC_STRINGS = YES;
				SWIFT_VERSION = 5.0;
				TARGETED_DEVICE_FAMILY = 7;
				XROS_DEPLOYMENT_TARGET = 2.0;
			};
			name = Release;
		};
		000000000000000000000034 /* Debug */ = {
			isa = XCBuildConfiguration;
			buildSettings = {
				CLANG_CXX_LANGUAGE_STANDARD = "gnu++17";
				CODE_SIGN_STYLE = Automatic;
				CURRENT_PROJECT_VERSION = 3;
				DEAD_CODE_STRIPPING = YES;
				DEVELOPMENT_TEAM = QLYUY93X5V;
				ENABLE_PREVIEWS = YES;
				GENERATE_INFOPLIST_FILE = NO;
				INFOPLIST_FILE = UpperLimbPOC/InfoCompanion.plist;
				INFOPLIST_KEY_CFBundleDisplayName = "Radiographic Companion";
				INFOPLIST_KEY_NSBonjourServices = "_upperlimb-poc._tcp";
				INFOPLIST_KEY_NSLocalNetworkUsageDescription = "Connect to Apple Vision Pro on the local network to synchronize non-identifying overlay controls.";
				INFOPLIST_KEY_UIApplicationSceneManifest_Generation = YES;
				INFOPLIST_KEY_UIApplicationSupportsIndirectInputEvents = YES;
				IPHONEOS_DEPLOYMENT_TARGET = 18.0;
				LD_RUNPATH_SEARCH_PATHS = (
					"$(inherited)",
					"@executable_path/Frameworks",
				);
				MARKETING_VERSION = 3.0;
				PRODUCT_BUNDLE_IDENTIFIER = com.marcel.UpperLimbPOC.Companion;
				PRODUCT_NAME = "$(TARGET_NAME)";
				SDKROOT = iphoneos;
				SUPPORTED_PLATFORMS = "iphoneos iphonesimulator";
				SWIFT_OBJC_BRIDGING_HEADER = "UpperLimbPOC/BodyScanner/OpenCV/OpenCVBodyScanner-Bridging-Header.h";
				SWIFT_EMIT_LOC_STRINGS = YES;
				SWIFT_VERSION = 5.0;
				TARGETED_DEVICE_FAMILY = "1,2";
			};
			name = Debug;
		};
		000000000000000000000035 /* Release */ = {
			isa = XCBuildConfiguration;
			buildSettings = {
				CLANG_CXX_LANGUAGE_STANDARD = "gnu++17";
				CODE_SIGN_STYLE = Automatic;
				CURRENT_PROJECT_VERSION = 3;
				DEAD_CODE_STRIPPING = YES;
				DEVELOPMENT_TEAM = QLYUY93X5V;
				ENABLE_PREVIEWS = YES;
				EXCLUDED_SOURCE_FILE_NAMES = (
					CTForearmVolume.swift,
					CTForearmVolumeRenderer.swift,
					CTForearmVolumeShaders.metal,
					CTForearmVRTPreview.swift,
					"visible-human-male-forearm-1680-1740.r8",
					"visible-human-male-forearm-1680-1740.json",
				);
				GENERATE_INFOPLIST_FILE = NO;
				INFOPLIST_FILE = UpperLimbPOC/InfoCompanion.plist;
				INFOPLIST_KEY_CFBundleDisplayName = "Radiographic Companion";
				INFOPLIST_KEY_NSBonjourServices = "_upperlimb-poc._tcp";
				INFOPLIST_KEY_NSLocalNetworkUsageDescription = "Connect to Apple Vision Pro on the local network to synchronize non-identifying overlay controls.";
				INFOPLIST_KEY_UIApplicationSceneManifest_Generation = YES;
				INFOPLIST_KEY_UIApplicationSupportsIndirectInputEvents = YES;
				IPHONEOS_DEPLOYMENT_TARGET = 18.0;
				LD_RUNPATH_SEARCH_PATHS = (
					"$(inherited)",
					"@executable_path/Frameworks",
				);
				MARKETING_VERSION = 3.0;
				PRODUCT_BUNDLE_IDENTIFIER = com.marcel.UpperLimbPOC.Companion;
				PRODUCT_NAME = "$(TARGET_NAME)";
				SDKROOT = iphoneos;
				SUPPORTED_PLATFORMS = "iphoneos iphonesimulator";
				SWIFT_OBJC_BRIDGING_HEADER = "UpperLimbPOC/BodyScanner/OpenCV/OpenCVBodyScanner-Bridging-Header.h";
				SWIFT_EMIT_LOC_STRINGS = YES;
				SWIFT_VERSION = 5.0;
				TARGETED_DEVICE_FAMILY = "1,2";
			};
			name = Release;
		};
/* End XCBuildConfiguration section */

/* Begin XCConfigurationList section */
		000000000000000000000040 /* Build configuration list for PBXProject "RadiographicAnatomyPOC" */ = {
			isa = XCConfigurationList;
			buildConfigurations = (
				000000000000000000000030 /* Debug */,
				000000000000000000000031 /* Release */,
			);
			defaultConfigurationIsVisible = 0;
			defaultConfigurationName = Release;
		};
		000000000000000000000041 /* Build configuration list for PBXNativeTarget "UpperLimbPOC" */ = {
			isa = XCConfigurationList;
			buildConfigurations = (
				000000000000000000000032 /* Debug */,
				000000000000000000000033 /* Release */,
			);
			defaultConfigurationIsVisible = 0;
			defaultConfigurationName = Release;
		};
		000000000000000000000042 /* Build configuration list for PBXNativeTarget "UpperLimbCompanion" */ = {
			isa = XCConfigurationList;
			buildConfigurations = (
				000000000000000000000034 /* Debug */,
				000000000000000000000035 /* Release */,
			);
			defaultConfigurationIsVisible = 0;
			defaultConfigurationName = Release;
		};
/* End XCConfigurationList section */
	};
	rootObject = 000000000000000000000001 /* Project object */;
}
